// !$*UTF8*$!
{
	archiveVersion = 1;
	classes = {
	};
	objectVersion = 45;
	objects = {

/* Begin PBXBuildFile section */
		1D3623260D0F684500981E51 /* MapBoxiPadDemoAppDelegate.m in Sources */ = {isa = PBXBuildFile; fileRef = 1D3623250D0F684500981E51 /* MapBoxiPadDemoAppDelegate.m */; };
		1D60589B0D05DD56006BFB54 /* main.m in Sources */ = {isa = PBXBuildFile; fileRef = 29B97316FDCFA39411CA2CEA /* main.m */; };
		1D60589F0D05DD5A006BFB54 /* Foundation.framework in Frameworks */ = {isa = PBXBuildFile; fileRef = 1D30AB110D05D00D00671497 /* Foundation.framework */; };
		1DF5F4E00D08C38300B7A737 /* UIKit.framework in Frameworks */ = {isa = PBXBuildFile; fileRef = 1DF5F4DF0D08C38300B7A737 /* UIKit.framework */; };
		288765A50DF7441C002DB57D /* CoreGraphics.framework in Frameworks */ = {isa = PBXBuildFile; fileRef = 288765A40DF7441C002DB57D /* CoreGraphics.framework */; };
		2899E5220DE3E06400AC0155 /* MapBoxiPadDemoViewController.xib in Resources */ = {isa = PBXBuildFile; fileRef = 2899E5210DE3E06400AC0155 /* MapBoxiPadDemoViewController.xib */; };
		28AD733F0D9D9553002E5188 /* MainWindow.xib in Resources */ = {isa = PBXBuildFile; fileRef = 28AD733E0D9D9553002E5188 /* MainWindow.xib */; };
		28D7ACF80DDB3853001CB0EB /* MapBoxiPadDemoViewController.m in Sources */ = {isa = PBXBuildFile; fileRef = 28D7ACF70DDB3853001CB0EB /* MapBoxiPadDemoViewController.m */; };
		D71ECDEA11FE2D8D006A60EB /* iTunesArtwork in Resources */ = {isa = PBXBuildFile; fileRef = D71ECDE911FE2D8D006A60EB /* iTunesArtwork */; };
		DD01060C11D04E2000B0079E /* stripe.png in Resources */ = {isa = PBXBuildFile; fileRef = DD01060B11D04E2000B0079E /* stripe.png */; };
		DD0F614811ED5A9F0050174D /* SimpleKML_UIImage.m in Sources */ = {isa = PBXBuildFile; fileRef = DD0F611F11ED5A9F0050174D /* SimpleKML_UIImage.m */; };
		DD0F614911ED5A9F0050174D /* SimpleKML.m in Sources */ = {isa = PBXBuildFile; fileRef = DD0F612111ED5A9F0050174D /* SimpleKML.m */; };
		DD0F614A11ED5A9F0050174D /* SimpleKMLBalloonStyle.m in Sources */ = {isa = PBXBuildFile; fileRef = DD0F612311ED5A9F0050174D /* SimpleKMLBalloonStyle.m */; };
		DD0F614B11ED5A9F0050174D /* SimpleKMLColorStyle.m in Sources */ = {isa = PBXBuildFile; fileRef = DD0F612511ED5A9F0050174D /* SimpleKMLColorStyle.m */; };
		DD0F614C11ED5A9F0050174D /* SimpleKMLContainer.m in Sources */ = {isa = PBXBuildFile; fileRef = DD0F612711ED5A9F0050174D /* SimpleKMLContainer.m */; };
		DD0F614D11ED5A9F0050174D /* SimpleKMLDocument.m in Sources */ = {isa = PBXBuildFile; fileRef = DD0F612911ED5A9F0050174D /* SimpleKMLDocument.m */; };
		DD0F614E11ED5A9F0050174D /* SimpleKMLFeature.m in Sources */ = {isa = PBXBuildFile; fileRef = DD0F612B11ED5A9F0050174D /* SimpleKMLFeature.m */; };
		DD0F614F11ED5A9F0050174D /* SimpleKMLFolder.m in Sources */ = {isa = PBXBuildFile; fileRef = DD0F612D11ED5A9F0050174D /* SimpleKMLFolder.m */; };
		DD0F615011ED5A9F0050174D /* SimpleKMLGeometry.m in Sources */ = {isa = PBXBuildFile; fileRef = DD0F612F11ED5A9F0050174D /* SimpleKMLGeometry.m */; };
		DD0F615111ED5A9F0050174D /* SimpleKMLIconStyle.m in Sources */ = {isa = PBXBuildFile; fileRef = DD0F613111ED5A9F0050174D /* SimpleKMLIconStyle.m */; };
		DD0F615211ED5A9F0050174D /* SimpleKMLLinearRing.m in Sources */ = {isa = PBXBuildFile; fileRef = DD0F613311ED5A9F0050174D /* SimpleKMLLinearRing.m */; };
		DD0F615311ED5A9F0050174D /* SimpleKMLLineString.m in Sources */ = {isa = PBXBuildFile; fileRef = DD0F613511ED5A9F0050174D /* SimpleKMLLineString.m */; };
		DD0F615411ED5A9F0050174D /* SimpleKMLLineStyle.m in Sources */ = {isa = PBXBuildFile; fileRef = DD0F613711ED5A9F0050174D /* SimpleKMLLineStyle.m */; };
		DD0F615511ED5A9F0050174D /* SimpleKMLObject.m in Sources */ = {isa = PBXBuildFile; fileRef = DD0F613911ED5A9F0050174D /* SimpleKMLObject.m */; };
		DD0F615611ED5A9F0050174D /* SimpleKMLPlacemark.m in Sources */ = {isa = PBXBuildFile; fileRef = DD0F613B11ED5A9F0050174D /* SimpleKMLPlacemark.m */; };
		DD0F615711ED5A9F0050174D /* SimpleKMLPoint.m in Sources */ = {isa = PBXBuildFile; fileRef = DD0F613D11ED5A9F0050174D /* SimpleKMLPoint.m */; };
		DD0F615811ED5A9F0050174D /* SimpleKMLPolygon.m in Sources */ = {isa = PBXBuildFile; fileRef = DD0F613F11ED5A9F0050174D /* SimpleKMLPolygon.m */; };
		DD0F615911ED5A9F0050174D /* SimpleKMLPolyStyle.m in Sources */ = {isa = PBXBuildFile; fileRef = DD0F614111ED5A9F0050174D /* SimpleKMLPolyStyle.m */; };
		DD0F615A11ED5A9F0050174D /* SimpleKMLStyle.m in Sources */ = {isa = PBXBuildFile; fileRef = DD0F614311ED5A9F0050174D /* SimpleKMLStyle.m */; };
		DD0F615B11ED5A9F0050174D /* SimpleKMLStyleSelector.m in Sources */ = {isa = PBXBuildFile; fileRef = DD0F614511ED5A9F0050174D /* SimpleKMLStyleSelector.m */; };
		DD0F615C11ED5A9F0050174D /* SimpleKMLSubStyle.m in Sources */ = {isa = PBXBuildFile; fileRef = DD0F614711ED5A9F0050174D /* SimpleKMLSubStyle.m */; };
		DD0F616411ED5ABC0050174D /* FMDatabase.m in Sources */ = {isa = PBXBuildFile; fileRef = DD0F615F11ED5ABC0050174D /* FMDatabase.m */; };
		DD0F616511ED5ABC0050174D /* FMDatabaseAdditions.m in Sources */ = {isa = PBXBuildFile; fileRef = DD0F616111ED5ABC0050174D /* FMDatabaseAdditions.m */; };
		DD0F616611ED5ABC0050174D /* FMResultSet.m in Sources */ = {isa = PBXBuildFile; fileRef = DD0F616311ED5ABC0050174D /* FMResultSet.m */; };
		DD0F618011ED5ACF0050174D /* CXMLDocument_CreationExtensions.m in Sources */ = {isa = PBXBuildFile; fileRef = DD0F616911ED5ACF0050174D /* CXMLDocument_CreationExtensions.m */; };
		DD0F618111ED5ACF0050174D /* CXMLNode_CreationExtensions.m in Sources */ = {isa = PBXBuildFile; fileRef = DD0F616B11ED5ACF0050174D /* CXMLNode_CreationExtensions.m */; };
		DD0F618211ED5ACF0050174D /* CXMLDocument_PrivateExtensions.m in Sources */ = {isa = PBXBuildFile; fileRef = DD0F616D11ED5ACF0050174D /* CXMLDocument_PrivateExtensions.m */; };
		DD0F618311ED5ACF0050174D /* CXMLDocument.m in Sources */ = {isa = PBXBuildFile; fileRef = DD0F616F11ED5ACF0050174D /* CXMLDocument.m */; };
		DD0F618411ED5ACF0050174D /* CXMLElement_CreationExtensions.m in Sources */ = {isa = PBXBuildFile; fileRef = DD0F617111ED5ACF0050174D /* CXMLElement_CreationExtensions.m */; };
		DD0F618511ED5ACF0050174D /* CXMLElement_ElementTreeExtensions.m in Sources */ = {isa = PBXBuildFile; fileRef = DD0F617311ED5ACF0050174D /* CXMLElement_ElementTreeExtensions.m */; };
		DD0F618611ED5ACF0050174D /* CXMLElement.m in Sources */ = {isa = PBXBuildFile; fileRef = DD0F617511ED5ACF0050174D /* CXMLElement.m */; };
		DD0F618711ED5ACF0050174D /* CXMLNode_PrivateExtensions.m in Sources */ = {isa = PBXBuildFile; fileRef = DD0F617711ED5ACF0050174D /* CXMLNode_PrivateExtensions.m */; };
		DD0F618811ED5ACF0050174D /* CXMLNode_XPathExtensions.m in Sources */ = {isa = PBXBuildFile; fileRef = DD0F617911ED5ACF0050174D /* CXMLNode_XPathExtensions.m */; };
		DD0F618911ED5ACF0050174D /* CXMLNode.m in Sources */ = {isa = PBXBuildFile; fileRef = DD0F617B11ED5ACF0050174D /* CXMLNode.m */; };
		DD0F618A11ED5ACF0050174D /* CTidy.m in Sources */ = {isa = PBXBuildFile; fileRef = DD0F617E11ED5ACF0050174D /* CTidy.m */; };
		DD10184511EE51FC00DF286F /* mapbox.png in Resources */ = {isa = PBXBuildFile; fileRef = DD10184411EE51FC00DF286F /* mapbox.png */; };
		DD1DE3FA1202652600683B80 /* 74-location.png in Resources */ = {isa = PBXBuildFile; fileRef = DD1DE3F91202652600683B80 /* 74-location.png */; };
		DD1DE4171202697100683B80 /* kml-point-blue.png in Resources */ = {isa = PBXBuildFile; fileRef = DD1DE4121202697100683B80 /* kml-point-blue.png */; };
		DD1DE4181202697100683B80 /* kml-point-green.png in Resources */ = {isa = PBXBuildFile; fileRef = DD1DE4131202697100683B80 /* kml-point-green.png */; };
		DD1DE4191202697100683B80 /* kml-point-magenta.png in Resources */ = {isa = PBXBuildFile; fileRef = DD1DE4141202697100683B80 /* kml-point-magenta.png */; };
		DD1DE41A1202697100683B80 /* kml-point-orange.png in Resources */ = {isa = PBXBuildFile; fileRef = DD1DE4151202697100683B80 /* kml-point-orange.png */; };
		DD1DE41B1202697100683B80 /* kml-point-red.png in Resources */ = {isa = PBXBuildFile; fileRef = DD1DE4161202697100683B80 /* kml-point-red.png */; };
		DD30D3B5120399D000847497 /* World_Light_1.0.mbtiles in Resources */ = {isa = PBXBuildFile; fileRef = DD30D3B4120399D000847497 /* World_Light_1.0.mbtiles */; };
		DD3ACA4311FF3E5F00B4203F /* DSMapBoxLayerManager.m in Sources */ = {isa = PBXBuildFile; fileRef = DD3ACA4211FF3E5F00B4203F /* DSMapBoxLayerManager.m */; };
		DD3ACCD111FFCD2600B4203F /* Default-Landscape.png in Resources */ = {isa = PBXBuildFile; fileRef = DD3ACCCF11FFCD2600B4203F /* Default-Landscape.png */; };
		DD3ACCD211FFCD2600B4203F /* Default-Portrait.png in Resources */ = {isa = PBXBuildFile; fileRef = DD3ACCD011FFCD2600B4203F /* Default-Portrait.png */; };
		DD48AC4011D3D79A000AF79E /* page_flip.wav in Resources */ = {isa = PBXBuildFile; fileRef = DD48AC3F11D3D79A000AF79E /* page_flip.wav */; };
		DD48AC4411D3D807000AF79E /* AudioToolbox.framework in Frameworks */ = {isa = PBXBuildFile; fileRef = DD48AC4311D3D807000AF79E /* AudioToolbox.framework */; };
		DD48C2E811CBF3AB00038969 /* QuartzCore.framework in Frameworks */ = {isa = PBXBuildFile; fileRef = DD48C2E711CBF3AB00038969 /* QuartzCore.framework */; };
		DD48C2EC11CBF3BF00038969 /* libsqlite3.dylib in Frameworks */ = {isa = PBXBuildFile; fileRef = DD48C2EB11CBF3BF00038969 /* libsqlite3.dylib */; };
		DD48C3C211CBFA9700038969 /* routeme.plist in Resources */ = {isa = PBXBuildFile; fileRef = DD48C3C111CBFA9700038969 /* routeme.plist */; };
		DD48C3EE11CC026B00038969 /* DSMapBoxSQLiteTileSource.m in Sources */ = {isa = PBXBuildFile; fileRef = DD48C3ED11CC026B00038969 /* DSMapBoxSQLiteTileSource.m */; };
		DD48C5D911CC1F7300038969 /* libMapView.a in Frameworks */ = {isa = PBXBuildFile; fileRef = DD48C5D811CC1F7300038969 /* libMapView.a */; };
		DD48C86711CC43F100038969 /* linen.jpg in Resources */ = {isa = PBXBuildFile; fileRef = DD48C86611CC43F100038969 /* linen.jpg */; };
		DD70D80C11D176750002E222 /* DSMapBoxTileSetManager.m in Sources */ = {isa = PBXBuildFile; fileRef = DD70D80B11D176750002E222 /* DSMapBoxTileSetManager.m */; };
		DD72C69311E673EF0030C637 /* DSMapBoxDataOverlayManager.m in Sources */ = {isa = PBXBuildFile; fileRef = DD72C69211E673EF0030C637 /* DSMapBoxDataOverlayManager.m */; };
		DD72C76311E6847C0030C637 /* georss_circle.png in Resources */ = {isa = PBXBuildFile; fileRef = DD72C76211E6847C0030C637 /* georss_circle.png */; };
		DD72C79511E68A9C0030C637 /* DSMapBoxOverlayStripeView.xib in Resources */ = {isa = PBXBuildFile; fileRef = DD72C79411E68A9C0030C637 /* DSMapBoxOverlayStripeView.xib */; };
		DD86B69911FE6CE700165CDF /* DSMapBoxLayerController.m in Sources */ = {isa = PBXBuildFile; fileRef = DD86B69711FE6CE700165CDF /* DSMapBoxLayerController.m */; };
		DD86B69A11FE6CE700165CDF /* DSMapBoxLayerController.xib in Resources */ = {isa = PBXBuildFile; fileRef = DD86B69811FE6CE700165CDF /* DSMapBoxLayerController.xib */; };
		DD86B6F111FE792D00165CDF /* kml.png in Resources */ = {isa = PBXBuildFile; fileRef = DD86B6F011FE792D00165CDF /* kml.png */; };
		DD86B6F311FE793300165CDF /* rss.png in Resources */ = {isa = PBXBuildFile; fileRef = DD86B6F211FE793300165CDF /* rss.png */; };
		DDA0745A11E79E170049865F /* DSMapBoxFeedParser.m in Sources */ = {isa = PBXBuildFile; fileRef = DDA0745911E79E170049865F /* DSMapBoxFeedParser.m */; };
		DDA0745D11E79F8D0049865F /* DSMapBoxFeedParserRSS.m in Sources */ = {isa = PBXBuildFile; fileRef = DDA0745C11E79F8D0049865F /* DSMapBoxFeedParserRSS.m */; };
		DDA0748A11E7A41F0049865F /* DSMapBoxFeedParserAtom.m in Sources */ = {isa = PBXBuildFile; fileRef = DDA0748911E7A41F0049865F /* DSMapBoxFeedParserAtom.m */; };
		DDA1073811E442B6008D00A7 /* DSMapBoxBalloonController.m in Sources */ = {isa = PBXBuildFile; fileRef = DDA1073611E442B6008D00A7 /* DSMapBoxBalloonController.m */; };
		DDA1073911E442B6008D00A7 /* DSMapBoxBalloonController.xib in Resources */ = {isa = PBXBuildFile; fileRef = DDA1073711E442B6008D00A7 /* DSMapBoxBalloonController.xib */; };
		DDA1073C11E4436E008D00A7 /* balloon.html in Resources */ = {isa = PBXBuildFile; fileRef = DDA1073B11E4436E008D00A7 /* balloon.html */; };
		DDA2921711F8B53B000FFFF4 /* UIApplication_Additions.m in Sources */ = {isa = PBXBuildFile; fileRef = DDA2921611F8B53B000FFFF4 /* UIApplication_Additions.m */; };
		DDC7F97711FE1BE80019A081 /* DSTiledLayerMapView.m in Sources */ = {isa = PBXBuildFile; fileRef = DDC7F97611FE1BE80019A081 /* DSTiledLayerMapView.m */; };
		DDCDD60311D96CF600568320 /* RMCircle.m in Sources */ = {isa = PBXBuildFile; fileRef = DDCDD60211D96CF600568320 /* RMCircle.m */; };
		DDF3221311DADD720068287A /* CoreLocation.framework in Frameworks */ = {isa = PBXBuildFile; fileRef = DDF3221211DADD720068287A /* CoreLocation.framework */; };
		DDFB5CB111F656EE00695B89 /* icon.png in Resources */ = {isa = PBXBuildFile; fileRef = DDFB5CB011F656EE00695B89 /* icon.png */; };
		DDFB5ED711F784CA00695B89 /* DSMapContents.m in Sources */ = {isa = PBXBuildFile; fileRef = DDFB5ED611F784CA00695B89 /* DSMapContents.m */; };
/* End PBXBuildFile section */

/* Begin PBXContainerItemProxy section */
		DD0F619A11ED5AE80050174D /* PBXContainerItemProxy */ = {
			isa = PBXContainerItemProxy;
			containerPortal = DD0F618B11ED5AE80050174D /* MapView.xcodeproj */;
			proxyType = 2;
			remoteGlobalIDString = B8C974590E8A19B2007D16AD;
			remoteInfo = MapView;
		};
		DD0F619C11ED5AE80050174D /* PBXContainerItemProxy */ = {
			isa = PBXContainerItemProxy;
			containerPortal = DD0F618B11ED5AE80050174D /* MapView.xcodeproj */;
			proxyType = 2;
			remoteGlobalIDString = 2BF3078F0F8AC5C0007014EE;
			remoteInfo = "Unit Tests";
		};
		DD0F619E11ED5B090050174D /* PBXContainerItemProxy */ = {
			isa = PBXContainerItemProxy;
			containerPortal = DD0F618B11ED5AE80050174D /* MapView.xcodeproj */;
			proxyType = 1;
			remoteGlobalIDString = B8C974130E8A19B2007D16AD;
			remoteInfo = MapView;
		};
/* End PBXContainerItemProxy section */

/* Begin PBXFileReference section */
		1D30AB110D05D00D00671497 /* Foundation.framework */ = {isa = PBXFileReference; lastKnownFileType = wrapper.framework; name = Foundation.framework; path = System/Library/Frameworks/Foundation.framework; sourceTree = SDKROOT; };
		1D3623240D0F684500981E51 /* MapBoxiPadDemoAppDelegate.h */ = {isa = PBXFileReference; fileEncoding = 4; lastKnownFileType = sourcecode.c.h; path = MapBoxiPadDemoAppDelegate.h; sourceTree = "<group>"; };
		1D3623250D0F684500981E51 /* MapBoxiPadDemoAppDelegate.m */ = {isa = PBXFileReference; fileEncoding = 4; lastKnownFileType = sourcecode.c.objc; path = MapBoxiPadDemoAppDelegate.m; sourceTree = "<group>"; };
		1D6058910D05DD3D006BFB54 /* MapBox.app */ = {isa = PBXFileReference; explicitFileType = wrapper.application; includeInIndex = 0; path = MapBox.app; sourceTree = BUILT_PRODUCTS_DIR; };
		1DF5F4DF0D08C38300B7A737 /* UIKit.framework */ = {isa = PBXFileReference; lastKnownFileType = wrapper.framework; name = UIKit.framework; path = System/Library/Frameworks/UIKit.framework; sourceTree = SDKROOT; };
		288765A40DF7441C002DB57D /* CoreGraphics.framework */ = {isa = PBXFileReference; lastKnownFileType = wrapper.framework; name = CoreGraphics.framework; path = System/Library/Frameworks/CoreGraphics.framework; sourceTree = SDKROOT; };
		2899E5210DE3E06400AC0155 /* MapBoxiPadDemoViewController.xib */ = {isa = PBXFileReference; lastKnownFileType = file.xib; name = MapBoxiPadDemoViewController.xib; path = ../MapBoxiPadDemoViewController.xib; sourceTree = "<group>"; };
		28AD733E0D9D9553002E5188 /* MainWindow.xib */ = {isa = PBXFileReference; lastKnownFileType = file.xib; path = MainWindow.xib; sourceTree = "<group>"; };
		28D7ACF60DDB3853001CB0EB /* MapBoxiPadDemoViewController.h */ = {isa = PBXFileReference; fileEncoding = 4; lastKnownFileType = sourcecode.c.h; path = MapBoxiPadDemoViewController.h; sourceTree = "<group>"; };
		28D7ACF70DDB3853001CB0EB /* MapBoxiPadDemoViewController.m */ = {isa = PBXFileReference; fileEncoding = 4; lastKnownFileType = sourcecode.c.objc; path = MapBoxiPadDemoViewController.m; sourceTree = "<group>"; };
		29B97316FDCFA39411CA2CEA /* main.m */ = {isa = PBXFileReference; fileEncoding = 4; lastKnownFileType = sourcecode.c.objc; path = main.m; sourceTree = "<group>"; };
		32CA4F630368D1EE00C91783 /* MapBoxiPadDemo_Prefix.pch */ = {isa = PBXFileReference; fileEncoding = 4; lastKnownFileType = sourcecode.c.h; path = MapBoxiPadDemo_Prefix.pch; sourceTree = "<group>"; };
		8D1107310486CEB800E47090 /* MapBoxiPadDemo-Info.plist */ = {isa = PBXFileReference; fileEncoding = 4; lastKnownFileType = text.plist.xml; path = "MapBoxiPadDemo-Info.plist"; plistStructureDefinitionIdentifier = "com.apple.xcode.plist.structure-definition.iphone.info-plist"; sourceTree = "<group>"; };
		D71ECDE911FE2D8D006A60EB /* iTunesArtwork */ = {isa = PBXFileReference; lastKnownFileType = file; path = iTunesArtwork; sourceTree = "<group>"; };
		DD01060B11D04E2000B0079E /* stripe.png */ = {isa = PBXFileReference; lastKnownFileType = image.png; name = stripe.png; path = ../stripe.png; sourceTree = "<group>"; };
		DD0F611E11ED5A9F0050174D /* SimpleKML_UIImage.h */ = {isa = PBXFileReference; fileEncoding = 4; lastKnownFileType = sourcecode.c.h; name = SimpleKML_UIImage.h; path = "Externals/Simple KML/SimpleKML_UIImage.h"; sourceTree = "<group>"; };
		DD0F611F11ED5A9F0050174D /* SimpleKML_UIImage.m */ = {isa = PBXFileReference; fileEncoding = 4; lastKnownFileType = sourcecode.c.objc; name = SimpleKML_UIImage.m; path = "Externals/Simple KML/SimpleKML_UIImage.m"; sourceTree = "<group>"; };
		DD0F612011ED5A9F0050174D /* SimpleKML.h */ = {isa = PBXFileReference; fileEncoding = 4; lastKnownFileType = sourcecode.c.h; name = SimpleKML.h; path = "Externals/Simple KML/SimpleKML.h"; sourceTree = "<group>"; };
		DD0F612111ED5A9F0050174D /* SimpleKML.m */ = {isa = PBXFileReference; fileEncoding = 4; lastKnownFileType = sourcecode.c.objc; name = SimpleKML.m; path = "Externals/Simple KML/SimpleKML.m"; sourceTree = "<group>"; };
		DD0F612211ED5A9F0050174D /* SimpleKMLBalloonStyle.h */ = {isa = PBXFileReference; fileEncoding = 4; lastKnownFileType = sourcecode.c.h; name = SimpleKMLBalloonStyle.h; path = "Externals/Simple KML/SimpleKMLBalloonStyle.h"; sourceTree = "<group>"; };
		DD0F612311ED5A9F0050174D /* SimpleKMLBalloonStyle.m */ = {isa = PBXFileReference; fileEncoding = 4; lastKnownFileType = sourcecode.c.objc; name = SimpleKMLBalloonStyle.m; path = "Externals/Simple KML/SimpleKMLBalloonStyle.m"; sourceTree = "<group>"; };
		DD0F612411ED5A9F0050174D /* SimpleKMLColorStyle.h */ = {isa = PBXFileReference; fileEncoding = 4; lastKnownFileType = sourcecode.c.h; name = SimpleKMLColorStyle.h; path = "Externals/Simple KML/SimpleKMLColorStyle.h"; sourceTree = "<group>"; };
		DD0F612511ED5A9F0050174D /* SimpleKMLColorStyle.m */ = {isa = PBXFileReference; fileEncoding = 4; lastKnownFileType = sourcecode.c.objc; name = SimpleKMLColorStyle.m; path = "Externals/Simple KML/SimpleKMLColorStyle.m"; sourceTree = "<group>"; };
		DD0F612611ED5A9F0050174D /* SimpleKMLContainer.h */ = {isa = PBXFileReference; fileEncoding = 4; lastKnownFileType = sourcecode.c.h; name = SimpleKMLContainer.h; path = "Externals/Simple KML/SimpleKMLContainer.h"; sourceTree = "<group>"; };
		DD0F612711ED5A9F0050174D /* SimpleKMLContainer.m */ = {isa = PBXFileReference; fileEncoding = 4; lastKnownFileType = sourcecode.c.objc; name = SimpleKMLContainer.m; path = "Externals/Simple KML/SimpleKMLContainer.m"; sourceTree = "<group>"; };
		DD0F612811ED5A9F0050174D /* SimpleKMLDocument.h */ = {isa = PBXFileReference; fileEncoding = 4; lastKnownFileType = sourcecode.c.h; name = SimpleKMLDocument.h; path = "Externals/Simple KML/SimpleKMLDocument.h"; sourceTree = "<group>"; };
		DD0F612911ED5A9F0050174D /* SimpleKMLDocument.m */ = {isa = PBXFileReference; fileEncoding = 4; lastKnownFileType = sourcecode.c.objc; name = SimpleKMLDocument.m; path = "Externals/Simple KML/SimpleKMLDocument.m"; sourceTree = "<group>"; };
		DD0F612A11ED5A9F0050174D /* SimpleKMLFeature.h */ = {isa = PBXFileReference; fileEncoding = 4; lastKnownFileType = sourcecode.c.h; name = SimpleKMLFeature.h; path = "Externals/Simple KML/SimpleKMLFeature.h"; sourceTree = "<group>"; };
		DD0F612B11ED5A9F0050174D /* SimpleKMLFeature.m */ = {isa = PBXFileReference; fileEncoding = 4; lastKnownFileType = sourcecode.c.objc; name = SimpleKMLFeature.m; path = "Externals/Simple KML/SimpleKMLFeature.m"; sourceTree = "<group>"; };
		DD0F612C11ED5A9F0050174D /* SimpleKMLFolder.h */ = {isa = PBXFileReference; fileEncoding = 4; lastKnownFileType = sourcecode.c.h; name = SimpleKMLFolder.h; path = "Externals/Simple KML/SimpleKMLFolder.h"; sourceTree = "<group>"; };
		DD0F612D11ED5A9F0050174D /* SimpleKMLFolder.m */ = {isa = PBXFileReference; fileEncoding = 4; lastKnownFileType = sourcecode.c.objc; name = SimpleKMLFolder.m; path = "Externals/Simple KML/SimpleKMLFolder.m"; sourceTree = "<group>"; };
		DD0F612E11ED5A9F0050174D /* SimpleKMLGeometry.h */ = {isa = PBXFileReference; fileEncoding = 4; lastKnownFileType = sourcecode.c.h; name = SimpleKMLGeometry.h; path = "Externals/Simple KML/SimpleKMLGeometry.h"; sourceTree = "<group>"; };
		DD0F612F11ED5A9F0050174D /* SimpleKMLGeometry.m */ = {isa = PBXFileReference; fileEncoding = 4; lastKnownFileType = sourcecode.c.objc; name = SimpleKMLGeometry.m; path = "Externals/Simple KML/SimpleKMLGeometry.m"; sourceTree = "<group>"; };
		DD0F613011ED5A9F0050174D /* SimpleKMLIconStyle.h */ = {isa = PBXFileReference; fileEncoding = 4; lastKnownFileType = sourcecode.c.h; name = SimpleKMLIconStyle.h; path = "Externals/Simple KML/SimpleKMLIconStyle.h"; sourceTree = "<group>"; };
		DD0F613111ED5A9F0050174D /* SimpleKMLIconStyle.m */ = {isa = PBXFileReference; fileEncoding = 4; lastKnownFileType = sourcecode.c.objc; name = SimpleKMLIconStyle.m; path = "Externals/Simple KML/SimpleKMLIconStyle.m"; sourceTree = "<group>"; };
		DD0F613211ED5A9F0050174D /* SimpleKMLLinearRing.h */ = {isa = PBXFileReference; fileEncoding = 4; lastKnownFileType = sourcecode.c.h; name = SimpleKMLLinearRing.h; path = "Externals/Simple KML/SimpleKMLLinearRing.h"; sourceTree = "<group>"; };
		DD0F613311ED5A9F0050174D /* SimpleKMLLinearRing.m */ = {isa = PBXFileReference; fileEncoding = 4; lastKnownFileType = sourcecode.c.objc; name = SimpleKMLLinearRing.m; path = "Externals/Simple KML/SimpleKMLLinearRing.m"; sourceTree = "<group>"; };
		DD0F613411ED5A9F0050174D /* SimpleKMLLineString.h */ = {isa = PBXFileReference; fileEncoding = 4; lastKnownFileType = sourcecode.c.h; name = SimpleKMLLineString.h; path = "Externals/Simple KML/SimpleKMLLineString.h"; sourceTree = "<group>"; };
		DD0F613511ED5A9F0050174D /* SimpleKMLLineString.m */ = {isa = PBXFileReference; fileEncoding = 4; lastKnownFileType = sourcecode.c.objc; name = SimpleKMLLineString.m; path = "Externals/Simple KML/SimpleKMLLineString.m"; sourceTree = "<group>"; };
		DD0F613611ED5A9F0050174D /* SimpleKMLLineStyle.h */ = {isa = PBXFileReference; fileEncoding = 4; lastKnownFileType = sourcecode.c.h; name = SimpleKMLLineStyle.h; path = "Externals/Simple KML/SimpleKMLLineStyle.h"; sourceTree = "<group>"; };
		DD0F613711ED5A9F0050174D /* SimpleKMLLineStyle.m */ = {isa = PBXFileReference; fileEncoding = 4; lastKnownFileType = sourcecode.c.objc; name = SimpleKMLLineStyle.m; path = "Externals/Simple KML/SimpleKMLLineStyle.m"; sourceTree = "<group>"; };
		DD0F613811ED5A9F0050174D /* SimpleKMLObject.h */ = {isa = PBXFileReference; fileEncoding = 4; lastKnownFileType = sourcecode.c.h; name = SimpleKMLObject.h; path = "Externals/Simple KML/SimpleKMLObject.h"; sourceTree = "<group>"; };
		DD0F613911ED5A9F0050174D /* SimpleKMLObject.m */ = {isa = PBXFileReference; fileEncoding = 4; lastKnownFileType = sourcecode.c.objc; name = SimpleKMLObject.m; path = "Externals/Simple KML/SimpleKMLObject.m"; sourceTree = "<group>"; };
		DD0F613A11ED5A9F0050174D /* SimpleKMLPlacemark.h */ = {isa = PBXFileReference; fileEncoding = 4; lastKnownFileType = sourcecode.c.h; name = SimpleKMLPlacemark.h; path = "Externals/Simple KML/SimpleKMLPlacemark.h"; sourceTree = "<group>"; };
		DD0F613B11ED5A9F0050174D /* SimpleKMLPlacemark.m */ = {isa = PBXFileReference; fileEncoding = 4; lastKnownFileType = sourcecode.c.objc; name = SimpleKMLPlacemark.m; path = "Externals/Simple KML/SimpleKMLPlacemark.m"; sourceTree = "<group>"; };
		DD0F613C11ED5A9F0050174D /* SimpleKMLPoint.h */ = {isa = PBXFileReference; fileEncoding = 4; lastKnownFileType = sourcecode.c.h; name = SimpleKMLPoint.h; path = "Externals/Simple KML/SimpleKMLPoint.h"; sourceTree = "<group>"; };
		DD0F613D11ED5A9F0050174D /* SimpleKMLPoint.m */ = {isa = PBXFileReference; fileEncoding = 4; lastKnownFileType = sourcecode.c.objc; name = SimpleKMLPoint.m; path = "Externals/Simple KML/SimpleKMLPoint.m"; sourceTree = "<group>"; };
		DD0F613E11ED5A9F0050174D /* SimpleKMLPolygon.h */ = {isa = PBXFileReference; fileEncoding = 4; lastKnownFileType = sourcecode.c.h; name = SimpleKMLPolygon.h; path = "Externals/Simple KML/SimpleKMLPolygon.h"; sourceTree = "<group>"; };
		DD0F613F11ED5A9F0050174D /* SimpleKMLPolygon.m */ = {isa = PBXFileReference; fileEncoding = 4; lastKnownFileType = sourcecode.c.objc; name = SimpleKMLPolygon.m; path = "Externals/Simple KML/SimpleKMLPolygon.m"; sourceTree = "<group>"; };
		DD0F614011ED5A9F0050174D /* SimpleKMLPolyStyle.h */ = {isa = PBXFileReference; fileEncoding = 4; lastKnownFileType = sourcecode.c.h; name = SimpleKMLPolyStyle.h; path = "Externals/Simple KML/SimpleKMLPolyStyle.h"; sourceTree = "<group>"; };
		DD0F614111ED5A9F0050174D /* SimpleKMLPolyStyle.m */ = {isa = PBXFileReference; fileEncoding = 4; lastKnownFileType = sourcecode.c.objc; name = SimpleKMLPolyStyle.m; path = "Externals/Simple KML/SimpleKMLPolyStyle.m"; sourceTree = "<group>"; };
		DD0F614211ED5A9F0050174D /* SimpleKMLStyle.h */ = {isa = PBXFileReference; fileEncoding = 4; lastKnownFileType = sourcecode.c.h; name = SimpleKMLStyle.h; path = "Externals/Simple KML/SimpleKMLStyle.h"; sourceTree = "<group>"; };
		DD0F614311ED5A9F0050174D /* SimpleKMLStyle.m */ = {isa = PBXFileReference; fileEncoding = 4; lastKnownFileType = sourcecode.c.objc; name = SimpleKMLStyle.m; path = "Externals/Simple KML/SimpleKMLStyle.m"; sourceTree = "<group>"; };
		DD0F614411ED5A9F0050174D /* SimpleKMLStyleSelector.h */ = {isa = PBXFileReference; fileEncoding = 4; lastKnownFileType = sourcecode.c.h; name = SimpleKMLStyleSelector.h; path = "Externals/Simple KML/SimpleKMLStyleSelector.h"; sourceTree = "<group>"; };
		DD0F614511ED5A9F0050174D /* SimpleKMLStyleSelector.m */ = {isa = PBXFileReference; fileEncoding = 4; lastKnownFileType = sourcecode.c.objc; name = SimpleKMLStyleSelector.m; path = "Externals/Simple KML/SimpleKMLStyleSelector.m"; sourceTree = "<group>"; };
		DD0F614611ED5A9F0050174D /* SimpleKMLSubStyle.h */ = {isa = PBXFileReference; fileEncoding = 4; lastKnownFileType = sourcecode.c.h; name = SimpleKMLSubStyle.h; path = "Externals/Simple KML/SimpleKMLSubStyle.h"; sourceTree = "<group>"; };
		DD0F614711ED5A9F0050174D /* SimpleKMLSubStyle.m */ = {isa = PBXFileReference; fileEncoding = 4; lastKnownFileType = sourcecode.c.objc; name = SimpleKMLSubStyle.m; path = "Externals/Simple KML/SimpleKMLSubStyle.m"; sourceTree = "<group>"; };
		DD0F615E11ED5ABC0050174D /* FMDatabase.h */ = {isa = PBXFileReference; fileEncoding = 4; lastKnownFileType = sourcecode.c.h; name = FMDatabase.h; path = Externals/FMDB/src/FMDatabase.h; sourceTree = "<group>"; };
		DD0F615F11ED5ABC0050174D /* FMDatabase.m */ = {isa = PBXFileReference; fileEncoding = 4; lastKnownFileType = sourcecode.c.objc; name = FMDatabase.m; path = Externals/FMDB/src/FMDatabase.m; sourceTree = "<group>"; };
		DD0F616011ED5ABC0050174D /* FMDatabaseAdditions.h */ = {isa = PBXFileReference; fileEncoding = 4; lastKnownFileType = sourcecode.c.h; name = FMDatabaseAdditions.h; path = Externals/FMDB/src/FMDatabaseAdditions.h; sourceTree = "<group>"; };
		DD0F616111ED5ABC0050174D /* FMDatabaseAdditions.m */ = {isa = PBXFileReference; fileEncoding = 4; lastKnownFileType = sourcecode.c.objc; name = FMDatabaseAdditions.m; path = Externals/FMDB/src/FMDatabaseAdditions.m; sourceTree = "<group>"; };
		DD0F616211ED5ABC0050174D /* FMResultSet.h */ = {isa = PBXFileReference; fileEncoding = 4; lastKnownFileType = sourcecode.c.h; name = FMResultSet.h; path = Externals/FMDB/src/FMResultSet.h; sourceTree = "<group>"; };
		DD0F616311ED5ABC0050174D /* FMResultSet.m */ = {isa = PBXFileReference; fileEncoding = 4; lastKnownFileType = sourcecode.c.objc; name = FMResultSet.m; path = Externals/FMDB/src/FMResultSet.m; sourceTree = "<group>"; };
		DD0F616811ED5ACF0050174D /* CXMLDocument_CreationExtensions.h */ = {isa = PBXFileReference; fileEncoding = 4; lastKnownFileType = sourcecode.c.h; path = CXMLDocument_CreationExtensions.h; sourceTree = "<group>"; };
		DD0F616911ED5ACF0050174D /* CXMLDocument_CreationExtensions.m */ = {isa = PBXFileReference; fileEncoding = 4; lastKnownFileType = sourcecode.c.objc; path = CXMLDocument_CreationExtensions.m; sourceTree = "<group>"; };
		DD0F616A11ED5ACF0050174D /* CXMLNode_CreationExtensions.h */ = {isa = PBXFileReference; fileEncoding = 4; lastKnownFileType = sourcecode.c.h; path = CXMLNode_CreationExtensions.h; sourceTree = "<group>"; };
		DD0F616B11ED5ACF0050174D /* CXMLNode_CreationExtensions.m */ = {isa = PBXFileReference; fileEncoding = 4; lastKnownFileType = sourcecode.c.objc; path = CXMLNode_CreationExtensions.m; sourceTree = "<group>"; };
		DD0F616C11ED5ACF0050174D /* CXMLDocument_PrivateExtensions.h */ = {isa = PBXFileReference; fileEncoding = 4; lastKnownFileType = sourcecode.c.h; name = CXMLDocument_PrivateExtensions.h; path = Externals/TouchXML/Common/Source/CXMLDocument_PrivateExtensions.h; sourceTree = "<group>"; };
		DD0F616D11ED5ACF0050174D /* CXMLDocument_PrivateExtensions.m */ = {isa = PBXFileReference; fileEncoding = 4; lastKnownFileType = sourcecode.c.objc; name = CXMLDocument_PrivateExtensions.m; path = Externals/TouchXML/Common/Source/CXMLDocument_PrivateExtensions.m; sourceTree = "<group>"; };
		DD0F616E11ED5ACF0050174D /* CXMLDocument.h */ = {isa = PBXFileReference; fileEncoding = 4; lastKnownFileType = sourcecode.c.h; name = CXMLDocument.h; path = Externals/TouchXML/Common/Source/CXMLDocument.h; sourceTree = "<group>"; };
		DD0F616F11ED5ACF0050174D /* CXMLDocument.m */ = {isa = PBXFileReference; fileEncoding = 4; lastKnownFileType = sourcecode.c.objc; name = CXMLDocument.m; path = Externals/TouchXML/Common/Source/CXMLDocument.m; sourceTree = "<group>"; };
		DD0F617011ED5ACF0050174D /* CXMLElement_CreationExtensions.h */ = {isa = PBXFileReference; fileEncoding = 4; lastKnownFileType = sourcecode.c.h; name = CXMLElement_CreationExtensions.h; path = Externals/TouchXML/Common/Source/CXMLElement_CreationExtensions.h; sourceTree = "<group>"; };
		DD0F617111ED5ACF0050174D /* CXMLElement_CreationExtensions.m */ = {isa = PBXFileReference; fileEncoding = 4; lastKnownFileType = sourcecode.c.objc; name = CXMLElement_CreationExtensions.m; path = Externals/TouchXML/Common/Source/CXMLElement_CreationExtensions.m; sourceTree = "<group>"; };
		DD0F617211ED5ACF0050174D /* CXMLElement_ElementTreeExtensions.h */ = {isa = PBXFileReference; fileEncoding = 4; lastKnownFileType = sourcecode.c.h; name = CXMLElement_ElementTreeExtensions.h; path = Externals/TouchXML/Common/Source/CXMLElement_ElementTreeExtensions.h; sourceTree = "<group>"; };
		DD0F617311ED5ACF0050174D /* CXMLElement_ElementTreeExtensions.m */ = {isa = PBXFileReference; fileEncoding = 4; lastKnownFileType = sourcecode.c.objc; name = CXMLElement_ElementTreeExtensions.m; path = Externals/TouchXML/Common/Source/CXMLElement_ElementTreeExtensions.m; sourceTree = "<group>"; };
		DD0F617411ED5ACF0050174D /* CXMLElement.h */ = {isa = PBXFileReference; fileEncoding = 4; lastKnownFileType = sourcecode.c.h; name = CXMLElement.h; path = Externals/TouchXML/Common/Source/CXMLElement.h; sourceTree = "<group>"; };
		DD0F617511ED5ACF0050174D /* CXMLElement.m */ = {isa = PBXFileReference; fileEncoding = 4; lastKnownFileType = sourcecode.c.objc; name = CXMLElement.m; path = Externals/TouchXML/Common/Source/CXMLElement.m; sourceTree = "<group>"; };
		DD0F617611ED5ACF0050174D /* CXMLNode_PrivateExtensions.h */ = {isa = PBXFileReference; fileEncoding = 4; lastKnownFileType = sourcecode.c.h; name = CXMLNode_PrivateExtensions.h; path = Externals/TouchXML/Common/Source/CXMLNode_PrivateExtensions.h; sourceTree = "<group>"; };
		DD0F617711ED5ACF0050174D /* CXMLNode_PrivateExtensions.m */ = {isa = PBXFileReference; fileEncoding = 4; lastKnownFileType = sourcecode.c.objc; name = CXMLNode_PrivateExtensions.m; path = Externals/TouchXML/Common/Source/CXMLNode_PrivateExtensions.m; sourceTree = "<group>"; };
		DD0F617811ED5ACF0050174D /* CXMLNode_XPathExtensions.h */ = {isa = PBXFileReference; fileEncoding = 4; lastKnownFileType = sourcecode.c.h; name = CXMLNode_XPathExtensions.h; path = Externals/TouchXML/Common/Source/CXMLNode_XPathExtensions.h; sourceTree = "<group>"; };
		DD0F617911ED5ACF0050174D /* CXMLNode_XPathExtensions.m */ = {isa = PBXFileReference; fileEncoding = 4; lastKnownFileType = sourcecode.c.objc; name = CXMLNode_XPathExtensions.m; path = Externals/TouchXML/Common/Source/CXMLNode_XPathExtensions.m; sourceTree = "<group>"; };
		DD0F617A11ED5ACF0050174D /* CXMLNode.h */ = {isa = PBXFileReference; fileEncoding = 4; lastKnownFileType = sourcecode.c.h; name = CXMLNode.h; path = Externals/TouchXML/Common/Source/CXMLNode.h; sourceTree = "<group>"; };
		DD0F617B11ED5ACF0050174D /* CXMLNode.m */ = {isa = PBXFileReference; fileEncoding = 4; lastKnownFileType = sourcecode.c.objc; name = CXMLNode.m; path = Externals/TouchXML/Common/Source/CXMLNode.m; sourceTree = "<group>"; };
		DD0F617D11ED5ACF0050174D /* CTidy.h */ = {isa = PBXFileReference; fileEncoding = 4; lastKnownFileType = sourcecode.c.h; path = CTidy.h; sourceTree = "<group>"; };
		DD0F617E11ED5ACF0050174D /* CTidy.m */ = {isa = PBXFileReference; fileEncoding = 4; lastKnownFileType = sourcecode.c.objc; path = CTidy.m; sourceTree = "<group>"; };
		DD0F617F11ED5ACF0050174D /* TouchXML.h */ = {isa = PBXFileReference; fileEncoding = 4; lastKnownFileType = sourcecode.c.h; name = TouchXML.h; path = Externals/TouchXML/Common/Source/TouchXML.h; sourceTree = "<group>"; };
		DD0F618B11ED5AE80050174D /* MapView.xcodeproj */ = {isa = PBXFileReference; lastKnownFileType = "wrapper.pb-project"; name = MapView.xcodeproj; path = "Externals/route-me/MapView/MapView.xcodeproj"; sourceTree = SOURCE_ROOT; };
		DD10184411EE51FC00DF286F /* mapbox.png */ = {isa = PBXFileReference; lastKnownFileType = image.png; path = mapbox.png; sourceTree = "<group>"; };
		DD1DE3F91202652600683B80 /* 74-location.png */ = {isa = PBXFileReference; lastKnownFileType = image.png; path = "74-location.png"; sourceTree = "<group>"; };
		DD1DE4121202697100683B80 /* kml-point-blue.png */ = {isa = PBXFileReference; lastKnownFileType = image.png; path = "kml-point-blue.png"; sourceTree = SOURCE_ROOT; };
		DD1DE4131202697100683B80 /* kml-point-green.png */ = {isa = PBXFileReference; lastKnownFileType = image.png; path = "kml-point-green.png"; sourceTree = SOURCE_ROOT; };
		DD1DE4141202697100683B80 /* kml-point-magenta.png */ = {isa = PBXFileReference; lastKnownFileType = image.png; path = "kml-point-magenta.png"; sourceTree = SOURCE_ROOT; };
		DD1DE4151202697100683B80 /* kml-point-orange.png */ = {isa = PBXFileReference; lastKnownFileType = image.png; path = "kml-point-orange.png"; sourceTree = SOURCE_ROOT; };
		DD1DE4161202697100683B80 /* kml-point-red.png */ = {isa = PBXFileReference; lastKnownFileType = image.png; path = "kml-point-red.png"; sourceTree = SOURCE_ROOT; };
		DD30D3B4120399D000847497 /* World_Light_1.0.mbtiles */ = {isa = PBXFileReference; lastKnownFileType = file; name = World_Light_1.0.mbtiles; path = "../stuff to not backup/World_Light_1.0.mbtiles"; sourceTree = SOURCE_ROOT; };
		DD3ACA4111FF3E5F00B4203F /* DSMapBoxLayerManager.h */ = {isa = PBXFileReference; fileEncoding = 4; lastKnownFileType = sourcecode.c.h; path = DSMapBoxLayerManager.h; sourceTree = "<group>"; };
		DD3ACA4211FF3E5F00B4203F /* DSMapBoxLayerManager.m */ = {isa = PBXFileReference; fileEncoding = 4; lastKnownFileType = sourcecode.c.objc; path = DSMapBoxLayerManager.m; sourceTree = "<group>"; };
		DD3ACCCF11FFCD2600B4203F /* Default-Landscape.png */ = {isa = PBXFileReference; lastKnownFileType = image.png; path = "Default-Landscape.png"; sourceTree = "<group>"; };
		DD3ACCD011FFCD2600B4203F /* Default-Portrait.png */ = {isa = PBXFileReference; lastKnownFileType = image.png; path = "Default-Portrait.png"; sourceTree = "<group>"; };
		DD48AC3F11D3D79A000AF79E /* page_flip.wav */ = {isa = PBXFileReference; lastKnownFileType = audio.wav; path = page_flip.wav; sourceTree = "<group>"; };
		DD48AC4311D3D807000AF79E /* AudioToolbox.framework */ = {isa = PBXFileReference; lastKnownFileType = wrapper.framework; name = AudioToolbox.framework; path = System/Library/Frameworks/AudioToolbox.framework; sourceTree = SDKROOT; };
		DD48C2E711CBF3AB00038969 /* QuartzCore.framework */ = {isa = PBXFileReference; lastKnownFileType = wrapper.framework; name = QuartzCore.framework; path = /System/Library/Frameworks/QuartzCore.framework; sourceTree = "<absolute>"; };
		DD48C2EB11CBF3BF00038969 /* libsqlite3.dylib */ = {isa = PBXFileReference; lastKnownFileType = "compiled.mach-o.dylib"; name = libsqlite3.dylib; path = /usr/lib/libsqlite3.dylib; sourceTree = "<absolute>"; };
		DD48C3C111CBFA9700038969 /* routeme.plist */ = {isa = PBXFileReference; fileEncoding = 4; lastKnownFileType = text.plist.xml; path = routeme.plist; sourceTree = "<group>"; };
		DD48C3EC11CC026B00038969 /* DSMapBoxSQLiteTileSource.h */ = {isa = PBXFileReference; fileEncoding = 4; lastKnownFileType = sourcecode.c.h; path = DSMapBoxSQLiteTileSource.h; sourceTree = "<group>"; };
		DD48C3ED11CC026B00038969 /* DSMapBoxSQLiteTileSource.m */ = {isa = PBXFileReference; fileEncoding = 4; lastKnownFileType = sourcecode.c.objc; path = DSMapBoxSQLiteTileSource.m; sourceTree = "<group>"; };
		DD48C5D811CC1F7300038969 /* libMapView.a */ = {isa = PBXFileReference; lastKnownFileType = archive.ar; name = libMapView.a; path = "route-me/MapView/build/Debug-iphoneos/libMapView.a"; sourceTree = "<group>"; };
		DD48C86611CC43F100038969 /* linen.jpg */ = {isa = PBXFileReference; lastKnownFileType = image.jpeg; path = linen.jpg; sourceTree = "<group>"; };
		DD70D80A11D176750002E222 /* DSMapBoxTileSetManager.h */ = {isa = PBXFileReference; fileEncoding = 4; lastKnownFileType = sourcecode.c.h; path = DSMapBoxTileSetManager.h; sourceTree = "<group>"; };
		DD70D80B11D176750002E222 /* DSMapBoxTileSetManager.m */ = {isa = PBXFileReference; fileEncoding = 4; lastKnownFileType = sourcecode.c.objc; path = DSMapBoxTileSetManager.m; sourceTree = "<group>"; };
		DD72C69111E673EF0030C637 /* DSMapBoxDataOverlayManager.h */ = {isa = PBXFileReference; fileEncoding = 4; lastKnownFileType = sourcecode.c.h; path = DSMapBoxDataOverlayManager.h; sourceTree = "<group>"; };
		DD72C69211E673EF0030C637 /* DSMapBoxDataOverlayManager.m */ = {isa = PBXFileReference; fileEncoding = 4; lastKnownFileType = sourcecode.c.objc; path = DSMapBoxDataOverlayManager.m; sourceTree = "<group>"; };
		DD72C76211E6847C0030C637 /* georss_circle.png */ = {isa = PBXFileReference; lastKnownFileType = image.png; name = georss_circle.png; path = ../georss_circle.png; sourceTree = "<group>"; };
		DD72C79411E68A9C0030C637 /* DSMapBoxOverlayStripeView.xib */ = {isa = PBXFileReference; lastKnownFileType = file.xib; name = DSMapBoxOverlayStripeView.xib; path = ../DSMapBoxOverlayStripeView.xib; sourceTree = "<group>"; };
		DD86B69611FE6CE700165CDF /* DSMapBoxLayerController.h */ = {isa = PBXFileReference; fileEncoding = 4; lastKnownFileType = sourcecode.c.h; path = DSMapBoxLayerController.h; sourceTree = "<group>"; };
		DD86B69711FE6CE700165CDF /* DSMapBoxLayerController.m */ = {isa = PBXFileReference; fileEncoding = 4; lastKnownFileType = sourcecode.c.objc; path = DSMapBoxLayerController.m; sourceTree = "<group>"; };
		DD86B69811FE6CE700165CDF /* DSMapBoxLayerController.xib */ = {isa = PBXFileReference; lastKnownFileType = file.xib; path = DSMapBoxLayerController.xib; sourceTree = "<group>"; };
		DD86B6F011FE792D00165CDF /* kml.png */ = {isa = PBXFileReference; lastKnownFileType = image.png; path = kml.png; sourceTree = SOURCE_ROOT; };
		DD86B6F211FE793300165CDF /* rss.png */ = {isa = PBXFileReference; lastKnownFileType = image.png; path = rss.png; sourceTree = SOURCE_ROOT; };
		DDA0745811E79E170049865F /* DSMapBoxFeedParser.h */ = {isa = PBXFileReference; fileEncoding = 4; lastKnownFileType = sourcecode.c.h; path = DSMapBoxFeedParser.h; sourceTree = "<group>"; };
		DDA0745911E79E170049865F /* DSMapBoxFeedParser.m */ = {isa = PBXFileReference; fileEncoding = 4; lastKnownFileType = sourcecode.c.objc; path = DSMapBoxFeedParser.m; sourceTree = "<group>"; };
		DDA0745B11E79F8D0049865F /* DSMapBoxFeedParserRSS.h */ = {isa = PBXFileReference; fileEncoding = 4; lastKnownFileType = sourcecode.c.h; path = DSMapBoxFeedParserRSS.h; sourceTree = "<group>"; };
		DDA0745C11E79F8D0049865F /* DSMapBoxFeedParserRSS.m */ = {isa = PBXFileReference; fileEncoding = 4; lastKnownFileType = sourcecode.c.objc; path = DSMapBoxFeedParserRSS.m; sourceTree = "<group>"; };
		DDA0748811E7A41F0049865F /* DSMapBoxFeedParserAtom.h */ = {isa = PBXFileReference; fileEncoding = 4; lastKnownFileType = sourcecode.c.h; path = DSMapBoxFeedParserAtom.h; sourceTree = "<group>"; };
		DDA0748911E7A41F0049865F /* DSMapBoxFeedParserAtom.m */ = {isa = PBXFileReference; fileEncoding = 4; lastKnownFileType = sourcecode.c.objc; path = DSMapBoxFeedParserAtom.m; sourceTree = "<group>"; };
		DDA1073511E442B6008D00A7 /* DSMapBoxBalloonController.h */ = {isa = PBXFileReference; fileEncoding = 4; lastKnownFileType = sourcecode.c.h; path = DSMapBoxBalloonController.h; sourceTree = "<group>"; };
		DDA1073611E442B6008D00A7 /* DSMapBoxBalloonController.m */ = {isa = PBXFileReference; fileEncoding = 4; lastKnownFileType = sourcecode.c.objc; path = DSMapBoxBalloonController.m; sourceTree = "<group>"; };
		DDA1073711E442B6008D00A7 /* DSMapBoxBalloonController.xib */ = {isa = PBXFileReference; lastKnownFileType = file.xib; path = DSMapBoxBalloonController.xib; sourceTree = "<group>"; };
		DDA1073B11E4436E008D00A7 /* balloon.html */ = {isa = PBXFileReference; fileEncoding = 4; lastKnownFileType = text.html; name = balloon.html; path = ../balloon.html; sourceTree = "<group>"; };
		DDA2921511F8B53B000FFFF4 /* UIApplication_Additions.h */ = {isa = PBXFileReference; fileEncoding = 4; lastKnownFileType = sourcecode.c.h; path = UIApplication_Additions.h; sourceTree = "<group>"; };
		DDA2921611F8B53B000FFFF4 /* UIApplication_Additions.m */ = {isa = PBXFileReference; fileEncoding = 4; lastKnownFileType = sourcecode.c.objc; path = UIApplication_Additions.m; sourceTree = "<group>"; };
		DDC7F97511FE1BE80019A081 /* DSTiledLayerMapView.h */ = {isa = PBXFileReference; fileEncoding = 4; lastKnownFileType = sourcecode.c.h; path = DSTiledLayerMapView.h; sourceTree = "<group>"; };
		DDC7F97611FE1BE80019A081 /* DSTiledLayerMapView.m */ = {isa = PBXFileReference; fileEncoding = 4; lastKnownFileType = sourcecode.c.objc; path = DSTiledLayerMapView.m; sourceTree = "<group>"; };
		DDCDD60111D96CF600568320 /* RMCircle.h */ = {isa = PBXFileReference; fileEncoding = 4; lastKnownFileType = sourcecode.c.h; name = RMCircle.h; path = ../RMCircle.h; sourceTree = "<group>"; };
		DDCDD60211D96CF600568320 /* RMCircle.m */ = {isa = PBXFileReference; fileEncoding = 4; lastKnownFileType = sourcecode.c.objc; name = RMCircle.m; path = ../RMCircle.m; sourceTree = "<group>"; };
		DDF3221211DADD720068287A /* CoreLocation.framework */ = {isa = PBXFileReference; lastKnownFileType = wrapper.framework; name = CoreLocation.framework; path = System/Library/Frameworks/CoreLocation.framework; sourceTree = SDKROOT; };
		DDFB5CB011F656EE00695B89 /* icon.png */ = {isa = PBXFileReference; lastKnownFileType = image.png; path = icon.png; sourceTree = "<group>"; };
		DDFB5ED511F784CA00695B89 /* DSMapContents.h */ = {isa = PBXFileReference; fileEncoding = 4; lastKnownFileType = sourcecode.c.h; path = DSMapContents.h; sourceTree = "<group>"; };
		DDFB5ED611F784CA00695B89 /* DSMapContents.m */ = {isa = PBXFileReference; fileEncoding = 4; lastKnownFileType = sourcecode.c.objc; path = DSMapContents.m; sourceTree = "<group>"; };
/* End PBXFileReference section */

/* Begin PBXFrameworksBuildPhase section */
		1D60588F0D05DD3D006BFB54 /* Frameworks */ = {
			isa = PBXFrameworksBuildPhase;
			buildActionMask = 2147483647;
			files = (
				1D60589F0D05DD5A006BFB54 /* Foundation.framework in Frameworks */,
				1DF5F4E00D08C38300B7A737 /* UIKit.framework in Frameworks */,
				288765A50DF7441C002DB57D /* CoreGraphics.framework in Frameworks */,
				DD48C2E811CBF3AB00038969 /* QuartzCore.framework in Frameworks */,
				DD48C2EC11CBF3BF00038969 /* libsqlite3.dylib in Frameworks */,
				DD48C5D911CC1F7300038969 /* libMapView.a in Frameworks */,
				DD48AC4411D3D807000AF79E /* AudioToolbox.framework in Frameworks */,
				DDF3221311DADD720068287A /* CoreLocation.framework in Frameworks */,
			);
			runOnlyForDeploymentPostprocessing = 0;
		};
/* End PBXFrameworksBuildPhase section */

/* Begin PBXGroup section */
		080E96DDFE201D6D7F000001 /* Main */ = {
			isa = PBXGroup;
			children = (
				1D3623240D0F684500981E51 /* MapBoxiPadDemoAppDelegate.h */,
				1D3623250D0F684500981E51 /* MapBoxiPadDemoAppDelegate.m */,
				28D7ACF60DDB3853001CB0EB /* MapBoxiPadDemoViewController.h */,
				28D7ACF70DDB3853001CB0EB /* MapBoxiPadDemoViewController.m */,
				2899E5210DE3E06400AC0155 /* MapBoxiPadDemoViewController.xib */,
			);
			name = Main;
			path = Classes;
			sourceTree = "<group>";
		};
		19C28FACFE9D520D11CA2CBB /* Products */ = {
			isa = PBXGroup;
			children = (
				1D6058910D05DD3D006BFB54 /* MapBox.app */,
			);
			name = Products;
			sourceTree = "<group>";
		};
		29B97314FDCFA39411CA2CEA /* CustomTemplate */ = {
			isa = PBXGroup;
			children = (
				DDA291DD11F8ADD6000FFFF4 /* Classes */,
				DD48C45F11CC090400038969 /* Externals */,
				29B97315FDCFA39411CA2CEA /* Other Sources */,
				29B97317FDCFA39411CA2CEA /* Resources */,
				29B97323FDCFA39411CA2CEA /* Frameworks */,
				19C28FACFE9D520D11CA2CBB /* Products */,
			);
			name = CustomTemplate;
			sourceTree = "<group>";
		};
		29B97315FDCFA39411CA2CEA /* Other Sources */ = {
			isa = PBXGroup;
			children = (
				32CA4F630368D1EE00C91783 /* MapBoxiPadDemo_Prefix.pch */,
				29B97316FDCFA39411CA2CEA /* main.m */,
			);
			name = "Other Sources";
			sourceTree = "<group>";
		};
		29B97317FDCFA39411CA2CEA /* Resources */ = {
			isa = PBXGroup;
			children = (
				28AD733E0D9D9553002E5188 /* MainWindow.xib */,
				8D1107310486CEB800E47090 /* MapBoxiPadDemo-Info.plist */,
				DD48C3C111CBFA9700038969 /* routeme.plist */,
				DD70D91D11D188DA0002E222 /* Images */,
				DD70D91C11D188BB0002E222 /* Tile Sets */,
				DD48AC4111D3D79B000AF79E /* Sounds */,
			);
			name = Resources;
			sourceTree = "<group>";
		};
		29B97323FDCFA39411CA2CEA /* Frameworks */ = {
			isa = PBXGroup;
			children = (
				1DF5F4DF0D08C38300B7A737 /* UIKit.framework */,
				1D30AB110D05D00D00671497 /* Foundation.framework */,
				288765A40DF7441C002DB57D /* CoreGraphics.framework */,
				DD48C2E711CBF3AB00038969 /* QuartzCore.framework */,
				DD48C2EB11CBF3BF00038969 /* libsqlite3.dylib */,
				DD48C5D811CC1F7300038969 /* libMapView.a */,
				DD48AC4311D3D807000AF79E /* AudioToolbox.framework */,
				DDF3221211DADD720068287A /* CoreLocation.framework */,
			);
			name = Frameworks;
			sourceTree = "<group>";
		};
		DD0F615D11ED5AA70050174D /* Simple KML */ = {
			isa = PBXGroup;
			children = (
				DD0F611E11ED5A9F0050174D /* SimpleKML_UIImage.h */,
				DD0F611F11ED5A9F0050174D /* SimpleKML_UIImage.m */,
				DD0F612011ED5A9F0050174D /* SimpleKML.h */,
				DD0F612111ED5A9F0050174D /* SimpleKML.m */,
				DD0F612211ED5A9F0050174D /* SimpleKMLBalloonStyle.h */,
				DD0F612311ED5A9F0050174D /* SimpleKMLBalloonStyle.m */,
				DD0F612411ED5A9F0050174D /* SimpleKMLColorStyle.h */,
				DD0F612511ED5A9F0050174D /* SimpleKMLColorStyle.m */,
				DD0F612611ED5A9F0050174D /* SimpleKMLContainer.h */,
				DD0F612711ED5A9F0050174D /* SimpleKMLContainer.m */,
				DD0F612811ED5A9F0050174D /* SimpleKMLDocument.h */,
				DD0F612911ED5A9F0050174D /* SimpleKMLDocument.m */,
				DD0F612A11ED5A9F0050174D /* SimpleKMLFeature.h */,
				DD0F612B11ED5A9F0050174D /* SimpleKMLFeature.m */,
				DD0F612C11ED5A9F0050174D /* SimpleKMLFolder.h */,
				DD0F612D11ED5A9F0050174D /* SimpleKMLFolder.m */,
				DD0F612E11ED5A9F0050174D /* SimpleKMLGeometry.h */,
				DD0F612F11ED5A9F0050174D /* SimpleKMLGeometry.m */,
				DD0F613011ED5A9F0050174D /* SimpleKMLIconStyle.h */,
				DD0F613111ED5A9F0050174D /* SimpleKMLIconStyle.m */,
				DD0F613211ED5A9F0050174D /* SimpleKMLLinearRing.h */,
				DD0F613311ED5A9F0050174D /* SimpleKMLLinearRing.m */,
				DD0F613411ED5A9F0050174D /* SimpleKMLLineString.h */,
				DD0F613511ED5A9F0050174D /* SimpleKMLLineString.m */,
				DD0F613611ED5A9F0050174D /* SimpleKMLLineStyle.h */,
				DD0F613711ED5A9F0050174D /* SimpleKMLLineStyle.m */,
				DD0F613811ED5A9F0050174D /* SimpleKMLObject.h */,
				DD0F613911ED5A9F0050174D /* SimpleKMLObject.m */,
				DD0F613A11ED5A9F0050174D /* SimpleKMLPlacemark.h */,
				DD0F613B11ED5A9F0050174D /* SimpleKMLPlacemark.m */,
				DD0F613C11ED5A9F0050174D /* SimpleKMLPoint.h */,
				DD0F613D11ED5A9F0050174D /* SimpleKMLPoint.m */,
				DD0F613E11ED5A9F0050174D /* SimpleKMLPolygon.h */,
				DD0F613F11ED5A9F0050174D /* SimpleKMLPolygon.m */,
				DD0F614011ED5A9F0050174D /* SimpleKMLPolyStyle.h */,
				DD0F614111ED5A9F0050174D /* SimpleKMLPolyStyle.m */,
				DD0F614211ED5A9F0050174D /* SimpleKMLStyle.h */,
				DD0F614311ED5A9F0050174D /* SimpleKMLStyle.m */,
				DD0F614411ED5A9F0050174D /* SimpleKMLStyleSelector.h */,
				DD0F614511ED5A9F0050174D /* SimpleKMLStyleSelector.m */,
				DD0F614611ED5A9F0050174D /* SimpleKMLSubStyle.h */,
				DD0F614711ED5A9F0050174D /* SimpleKMLSubStyle.m */,
			);
			name = "Simple KML";
			sourceTree = "<group>";
		};
		DD0F616711ED5ACF0050174D /* Creation */ = {
			isa = PBXGroup;
			children = (
				DD0F616811ED5ACF0050174D /* CXMLDocument_CreationExtensions.h */,
				DD0F616911ED5ACF0050174D /* CXMLDocument_CreationExtensions.m */,
				DD0F616A11ED5ACF0050174D /* CXMLNode_CreationExtensions.h */,
				DD0F616B11ED5ACF0050174D /* CXMLNode_CreationExtensions.m */,
			);
			name = Creation;
			path = Externals/TouchXML/Common/Source/Creation;
			sourceTree = "<group>";
		};
		DD0F617C11ED5ACF0050174D /* Tidy */ = {
			isa = PBXGroup;
			children = (
				DD0F617D11ED5ACF0050174D /* CTidy.h */,
				DD0F617E11ED5ACF0050174D /* CTidy.m */,
			);
			name = Tidy;
			path = Externals/TouchXML/Common/Source/Tidy;
			sourceTree = "<group>";
		};
		DD0F618C11ED5AE80050174D /* Products */ = {
			isa = PBXGroup;
			children = (
				DD0F619B11ED5AE80050174D /* libMapView.a */,
				DD0F619D11ED5AE80050174D /* RM Unit Tests.app */,
			);
			name = Products;
			sourceTree = "<group>";
		};
		DD48AC4111D3D79B000AF79E /* Sounds */ = {
			isa = PBXGroup;
			children = (
				DD48AC3F11D3D79A000AF79E /* page_flip.wav */,
			);
			name = Sounds;
			sourceTree = "<group>";
		};
		DD48C2CB11CBF30600038969 /* route-me */ = {
			isa = PBXGroup;
			children = (
				DD0F618B11ED5AE80050174D /* MapView.xcodeproj */,
			);
			name = "route-me";
			path = Classes;
			sourceTree = "<group>";
		};
		DD48C45F11CC090400038969 /* Externals */ = {
			isa = PBXGroup;
			children = (
				DD72C37D11E53CF60030C637 /* FMDB */,
				DD48C2CB11CBF30600038969 /* route-me */,
				DD0F615D11ED5AA70050174D /* Simple KML */,
				DD72C34F11E53C500030C637 /* TouchXML */,
			);
			name = Externals;
			sourceTree = "<group>";
		};
		DD70D91C11D188BB0002E222 /* Tile Sets */ = {
			isa = PBXGroup;
			children = (
				DD30D3B4120399D000847497 /* World_Light_1.0.mbtiles */,
			);
			name = "Tile Sets";
			sourceTree = "<group>";
		};
		DD70D91D11D188DA0002E222 /* Images */ = {
			isa = PBXGroup;
			children = (
				DDFB5CB011F656EE00695B89 /* icon.png */,
				DD48C86611CC43F100038969 /* linen.jpg */,
				DD10184411EE51FC00DF286F /* mapbox.png */,
				DD3ACCD011FFCD2600B4203F /* Default-Portrait.png */,
				DD3ACCCF11FFCD2600B4203F /* Default-Landscape.png */,
				D71ECDE911FE2D8D006A60EB /* iTunesArtwork */,
				DD1DE3F91202652600683B80 /* 74-location.png */,
			);
			name = Images;
			sourceTree = "<group>";
		};
		DD72C34F11E53C500030C637 /* TouchXML */ = {
			isa = PBXGroup;
			children = (
				DD0F616711ED5ACF0050174D /* Creation */,
				DD0F616C11ED5ACF0050174D /* CXMLDocument_PrivateExtensions.h */,
				DD0F616D11ED5ACF0050174D /* CXMLDocument_PrivateExtensions.m */,
				DD0F616E11ED5ACF0050174D /* CXMLDocument.h */,
				DD0F616F11ED5ACF0050174D /* CXMLDocument.m */,
				DD0F617011ED5ACF0050174D /* CXMLElement_CreationExtensions.h */,
				DD0F617111ED5ACF0050174D /* CXMLElement_CreationExtensions.m */,
				DD0F617211ED5ACF0050174D /* CXMLElement_ElementTreeExtensions.h */,
				DD0F617311ED5ACF0050174D /* CXMLElement_ElementTreeExtensions.m */,
				DD0F617411ED5ACF0050174D /* CXMLElement.h */,
				DD0F617511ED5ACF0050174D /* CXMLElement.m */,
				DD0F617611ED5ACF0050174D /* CXMLNode_PrivateExtensions.h */,
				DD0F617711ED5ACF0050174D /* CXMLNode_PrivateExtensions.m */,
				DD0F617811ED5ACF0050174D /* CXMLNode_XPathExtensions.h */,
				DD0F617911ED5ACF0050174D /* CXMLNode_XPathExtensions.m */,
				DD0F617A11ED5ACF0050174D /* CXMLNode.h */,
				DD0F617B11ED5ACF0050174D /* CXMLNode.m */,
				DD0F617C11ED5ACF0050174D /* Tidy */,
				DD0F617F11ED5ACF0050174D /* TouchXML.h */,
			);
			name = TouchXML;
			sourceTree = "<group>";
		};
		DD72C37D11E53CF60030C637 /* FMDB */ = {
			isa = PBXGroup;
			children = (
				DD0F615E11ED5ABC0050174D /* FMDatabase.h */,
				DD0F615F11ED5ABC0050174D /* FMDatabase.m */,
				DD0F616011ED5ABC0050174D /* FMDatabaseAdditions.h */,
				DD0F616111ED5ABC0050174D /* FMDatabaseAdditions.m */,
				DD0F616211ED5ABC0050174D /* FMResultSet.h */,
				DD0F616311ED5ABC0050174D /* FMResultSet.m */,
			);
			name = FMDB;
			sourceTree = "<group>";
		};
		DD86B6D611FE743B00165CDF /* Resources */ = {
			isa = PBXGroup;
			children = (
				DD86B6F011FE792D00165CDF /* kml.png */,
				DD86B6F211FE793300165CDF /* rss.png */,
				DD1DE4121202697100683B80 /* kml-point-blue.png */,
				DD1DE4131202697100683B80 /* kml-point-green.png */,
				DD1DE4141202697100683B80 /* kml-point-magenta.png */,
				DD1DE4151202697100683B80 /* kml-point-orange.png */,
				DD1DE4161202697100683B80 /* kml-point-red.png */,
			);
			name = Resources;
			sourceTree = "<group>";
		};
		DDA291D611F8AD41000FFFF4 /* Categories & Additions */ = {
			isa = PBXGroup;
			children = (
				DDCDD60111D96CF600568320 /* RMCircle.h */,
				DDCDD60211D96CF600568320 /* RMCircle.m */,
				DDA2921511F8B53B000FFFF4 /* UIApplication_Additions.h */,
				DDA2921611F8B53B000FFFF4 /* UIApplication_Additions.m */,
			);
			name = "Categories & Additions";
			path = Classes;
			sourceTree = "<group>";
		};
		DDA291D711F8AD79000FFFF4 /* Data Overlays */ = {
			isa = PBXGroup;
			children = (
				DD72C69111E673EF0030C637 /* DSMapBoxDataOverlayManager.h */,
				DD72C69211E673EF0030C637 /* DSMapBoxDataOverlayManager.m */,
				DDA1073511E442B6008D00A7 /* DSMapBoxBalloonController.h */,
				DDA1073611E442B6008D00A7 /* DSMapBoxBalloonController.m */,
				DDA1073711E442B6008D00A7 /* DSMapBoxBalloonController.xib */,
				DD72C79411E68A9C0030C637 /* DSMapBoxOverlayStripeView.xib */,
				DDA291DC11F8ADAF000FFFF4 /* Resources */,
			);
			name = "Data Overlays";
			path = Classes;
			sourceTree = "<group>";
		};
		DDA291D811F8AD7C000FFFF4 /* Feeds */ = {
			isa = PBXGroup;
			children = (
				DDA0745811E79E170049865F /* DSMapBoxFeedParser.h */,
				DDA0745911E79E170049865F /* DSMapBoxFeedParser.m */,
				DDA0745B11E79F8D0049865F /* DSMapBoxFeedParserRSS.h */,
				DDA0745C11E79F8D0049865F /* DSMapBoxFeedParserRSS.m */,
				DDA0748811E7A41F0049865F /* DSMapBoxFeedParserAtom.h */,
				DDA0748911E7A41F0049865F /* DSMapBoxFeedParserAtom.m */,
				DD86B6D611FE743B00165CDF /* Resources */,
			);
			name = Feeds;
			path = Classes;
			sourceTree = "<group>";
		};
		DDA291D911F8AD87000FFFF4 /* Base & Overlay Tiles */ = {
			isa = PBXGroup;
			children = (
				DD3ACA4111FF3E5F00B4203F /* DSMapBoxLayerManager.h */,
				DD3ACA4211FF3E5F00B4203F /* DSMapBoxLayerManager.m */,
				DD86B69611FE6CE700165CDF /* DSMapBoxLayerController.h */,
				DD86B69711FE6CE700165CDF /* DSMapBoxLayerController.m */,
				DD86B69811FE6CE700165CDF /* DSMapBoxLayerController.xib */,
				DDC7F97511FE1BE80019A081 /* DSTiledLayerMapView.h */,
				DDC7F97611FE1BE80019A081 /* DSTiledLayerMapView.m */,
				DDFB5ED511F784CA00695B89 /* DSMapContents.h */,
				DDFB5ED611F784CA00695B89 /* DSMapContents.m */,
				DD48C3EC11CC026B00038969 /* DSMapBoxSQLiteTileSource.h */,
				DD48C3ED11CC026B00038969 /* DSMapBoxSQLiteTileSource.m */,
				DD70D80A11D176750002E222 /* DSMapBoxTileSetManager.h */,
				DD70D80B11D176750002E222 /* DSMapBoxTileSetManager.m */,
			);
			name = "Base & Overlay Tiles";
			path = Classes;
			sourceTree = "<group>";
		};
		DDA291DC11F8ADAF000FFFF4 /* Resources */ = {
			isa = PBXGroup;
			children = (
				DD01060B11D04E2000B0079E /* stripe.png */,
				DDA1073B11E4436E008D00A7 /* balloon.html */,
				DD72C76211E6847C0030C637 /* georss_circle.png */,
			);
			name = Resources;
			sourceTree = "<group>";
		};
		DDA291DD11F8ADD6000FFFF4 /* Classes */ = {
			isa = PBXGroup;
			children = (
				080E96DDFE201D6D7F000001 /* Main */,
				DDA291D911F8AD87000FFFF4 /* Base & Overlay Tiles */,
				DDA291D711F8AD79000FFFF4 /* Data Overlays */,
				DDA291D811F8AD7C000FFFF4 /* Feeds */,
				DDA291D611F8AD41000FFFF4 /* Categories & Additions */,
			);
			name = Classes;
			sourceTree = "<group>";
		};
/* End PBXGroup section */

/* Begin PBXNativeTarget section */
		1D6058900D05DD3D006BFB54 /* MapBoxiPadDemo */ = {
			isa = PBXNativeTarget;
			buildConfigurationList = 1D6058960D05DD3E006BFB54 /* Build configuration list for PBXNativeTarget "MapBoxiPadDemo" */;
			buildPhases = (
				1D60588D0D05DD3D006BFB54 /* Resources */,
				1D60588E0D05DD3D006BFB54 /* Sources */,
				1D60588F0D05DD3D006BFB54 /* Frameworks */,
			);
			buildRules = (
			);
			dependencies = (
				DD0F619F11ED5B090050174D /* PBXTargetDependency */,
			);
			name = MapBoxiPadDemo;
			productName = MapBoxiPadDemo;
			productReference = 1D6058910D05DD3D006BFB54 /* MapBox.app */;
			productType = "com.apple.product-type.application";
		};
/* End PBXNativeTarget section */

/* Begin PBXProject section */
		29B97313FDCFA39411CA2CEA /* Project object */ = {
			isa = PBXProject;
			buildConfigurationList = C01FCF4E08A954540054247B /* Build configuration list for PBXProject "MapBoxiPadDemo" */;
			compatibilityVersion = "Xcode 3.1";
			hasScannedForEncodings = 1;
			mainGroup = 29B97314FDCFA39411CA2CEA /* CustomTemplate */;
			projectDirPath = "";
			projectReferences = (
				{
					ProductGroup = DD0F618C11ED5AE80050174D /* Products */;
					ProjectRef = DD0F618B11ED5AE80050174D /* MapView.xcodeproj */;
				},
			);
			projectRoot = "";
			targets = (
				1D6058900D05DD3D006BFB54 /* MapBoxiPadDemo */,
			);
		};
/* End PBXProject section */

/* Begin PBXReferenceProxy section */
		DD0F619B11ED5AE80050174D /* libMapView.a */ = {
			isa = PBXReferenceProxy;
			fileType = archive.ar;
			path = libMapView.a;
			remoteRef = DD0F619A11ED5AE80050174D /* PBXContainerItemProxy */;
			sourceTree = BUILT_PRODUCTS_DIR;
		};
		DD0F619D11ED5AE80050174D /* RM Unit Tests.app */ = {
			isa = PBXReferenceProxy;
			fileType = wrapper.application;
			path = "RM Unit Tests.app";
			remoteRef = DD0F619C11ED5AE80050174D /* PBXContainerItemProxy */;
			sourceTree = BUILT_PRODUCTS_DIR;
		};
/* End PBXReferenceProxy section */

/* Begin PBXResourcesBuildPhase section */
		1D60588D0D05DD3D006BFB54 /* Resources */ = {
			isa = PBXResourcesBuildPhase;
			buildActionMask = 2147483647;
			files = (
				28AD733F0D9D9553002E5188 /* MainWindow.xib in Resources */,
				2899E5220DE3E06400AC0155 /* MapBoxiPadDemoViewController.xib in Resources */,
				DD48C3C211CBFA9700038969 /* routeme.plist in Resources */,
				DD48C86711CC43F100038969 /* linen.jpg in Resources */,
				DD01060C11D04E2000B0079E /* stripe.png in Resources */,
				DD48AC4011D3D79A000AF79E /* page_flip.wav in Resources */,
				DDA1073911E442B6008D00A7 /* DSMapBoxBalloonController.xib in Resources */,
				DDA1073C11E4436E008D00A7 /* balloon.html in Resources */,
				DD72C76311E6847C0030C637 /* georss_circle.png in Resources */,
				DD72C79511E68A9C0030C637 /* DSMapBoxOverlayStripeView.xib in Resources */,
				DD10184511EE51FC00DF286F /* mapbox.png in Resources */,
				DDFB5CB111F656EE00695B89 /* icon.png in Resources */,
				DD86B69A11FE6CE700165CDF /* DSMapBoxLayerController.xib in Resources */,
				DD86B6F111FE792D00165CDF /* kml.png in Resources */,
				DD86B6F311FE793300165CDF /* rss.png in Resources */,
				DD3ACCD111FFCD2600B4203F /* Default-Landscape.png in Resources */,
				DD3ACCD211FFCD2600B4203F /* Default-Portrait.png in Resources */,
				D71ECDEA11FE2D8D006A60EB /* iTunesArtwork in Resources */,
				DD1DE3FA1202652600683B80 /* 74-location.png in Resources */,
				DD1DE4171202697100683B80 /* kml-point-blue.png in Resources */,
				DD1DE4181202697100683B80 /* kml-point-green.png in Resources */,
				DD1DE4191202697100683B80 /* kml-point-magenta.png in Resources */,
				DD1DE41A1202697100683B80 /* kml-point-orange.png in Resources */,
				DD1DE41B1202697100683B80 /* kml-point-red.png in Resources */,
				DD30D3B5120399D000847497 /* World_Light_1.0.mbtiles in Resources */,
			);
			runOnlyForDeploymentPostprocessing = 0;
		};
/* End PBXResourcesBuildPhase section */

/* Begin PBXSourcesBuildPhase section */
		1D60588E0D05DD3D006BFB54 /* Sources */ = {
			isa = PBXSourcesBuildPhase;
			buildActionMask = 2147483647;
			files = (
				1D60589B0D05DD56006BFB54 /* main.m in Sources */,
				1D3623260D0F684500981E51 /* MapBoxiPadDemoAppDelegate.m in Sources */,
				28D7ACF80DDB3853001CB0EB /* MapBoxiPadDemoViewController.m in Sources */,
				DD48C3EE11CC026B00038969 /* DSMapBoxSQLiteTileSource.m in Sources */,
				DD70D80C11D176750002E222 /* DSMapBoxTileSetManager.m in Sources */,
				DDCDD60311D96CF600568320 /* RMCircle.m in Sources */,
				DDA1073811E442B6008D00A7 /* DSMapBoxBalloonController.m in Sources */,
				DD72C69311E673EF0030C637 /* DSMapBoxDataOverlayManager.m in Sources */,
				DDA0745A11E79E170049865F /* DSMapBoxFeedParser.m in Sources */,
				DDA0745D11E79F8D0049865F /* DSMapBoxFeedParserRSS.m in Sources */,
				DDA0748A11E7A41F0049865F /* DSMapBoxFeedParserAtom.m in Sources */,
				DD0F614811ED5A9F0050174D /* SimpleKML_UIImage.m in Sources */,
				DD0F614911ED5A9F0050174D /* SimpleKML.m in Sources */,
				DD0F614A11ED5A9F0050174D /* SimpleKMLBalloonStyle.m in Sources */,
				DD0F614B11ED5A9F0050174D /* SimpleKMLColorStyle.m in Sources */,
				DD0F614C11ED5A9F0050174D /* SimpleKMLContainer.m in Sources */,
				DD0F614D11ED5A9F0050174D /* SimpleKMLDocument.m in Sources */,
				DD0F614E11ED5A9F0050174D /* SimpleKMLFeature.m in Sources */,
				DD0F614F11ED5A9F0050174D /* SimpleKMLFolder.m in Sources */,
				DD0F615011ED5A9F0050174D /* SimpleKMLGeometry.m in Sources */,
				DD0F615111ED5A9F0050174D /* SimpleKMLIconStyle.m in Sources */,
				DD0F615211ED5A9F0050174D /* SimpleKMLLinearRing.m in Sources */,
				DD0F615311ED5A9F0050174D /* SimpleKMLLineString.m in Sources */,
				DD0F615411ED5A9F0050174D /* SimpleKMLLineStyle.m in Sources */,
				DD0F615511ED5A9F0050174D /* SimpleKMLObject.m in Sources */,
				DD0F615611ED5A9F0050174D /* SimpleKMLPlacemark.m in Sources */,
				DD0F615711ED5A9F0050174D /* SimpleKMLPoint.m in Sources */,
				DD0F615811ED5A9F0050174D /* SimpleKMLPolygon.m in Sources */,
				DD0F615911ED5A9F0050174D /* SimpleKMLPolyStyle.m in Sources */,
				DD0F615A11ED5A9F0050174D /* SimpleKMLStyle.m in Sources */,
				DD0F615B11ED5A9F0050174D /* SimpleKMLStyleSelector.m in Sources */,
				DD0F615C11ED5A9F0050174D /* SimpleKMLSubStyle.m in Sources */,
				DD0F616411ED5ABC0050174D /* FMDatabase.m in Sources */,
				DD0F616511ED5ABC0050174D /* FMDatabaseAdditions.m in Sources */,
				DD0F616611ED5ABC0050174D /* FMResultSet.m in Sources */,
				DD0F618011ED5ACF0050174D /* CXMLDocument_CreationExtensions.m in Sources */,
				DD0F618111ED5ACF0050174D /* CXMLNode_CreationExtensions.m in Sources */,
				DD0F618211ED5ACF0050174D /* CXMLDocument_PrivateExtensions.m in Sources */,
				DD0F618311ED5ACF0050174D /* CXMLDocument.m in Sources */,
				DD0F618411ED5ACF0050174D /* CXMLElement_CreationExtensions.m in Sources */,
				DD0F618511ED5ACF0050174D /* CXMLElement_ElementTreeExtensions.m in Sources */,
				DD0F618611ED5ACF0050174D /* CXMLElement.m in Sources */,
				DD0F618711ED5ACF0050174D /* CXMLNode_PrivateExtensions.m in Sources */,
				DD0F618811ED5ACF0050174D /* CXMLNode_XPathExtensions.m in Sources */,
				DD0F618911ED5ACF0050174D /* CXMLNode.m in Sources */,
				DD0F618A11ED5ACF0050174D /* CTidy.m in Sources */,
				DDFB5ED711F784CA00695B89 /* DSMapContents.m in Sources */,
				DDA2921711F8B53B000FFFF4 /* UIApplication_Additions.m in Sources */,
				DDC7F97711FE1BE80019A081 /* DSTiledLayerMapView.m in Sources */,
				DD86B69911FE6CE700165CDF /* DSMapBoxLayerController.m in Sources */,
				DD3ACA4311FF3E5F00B4203F /* DSMapBoxLayerManager.m in Sources */,
			);
			runOnlyForDeploymentPostprocessing = 0;
		};
/* End PBXSourcesBuildPhase section */

/* Begin PBXTargetDependency section */
		DD0F619F11ED5B090050174D /* PBXTargetDependency */ = {
			isa = PBXTargetDependency;
			name = MapView;
			targetProxy = DD0F619E11ED5B090050174D /* PBXContainerItemProxy */;
		};
/* End PBXTargetDependency section */

/* Begin XCBuildConfiguration section */
		1D6058940D05DD3E006BFB54 /* Debug */ = {
			isa = XCBuildConfiguration;
			buildSettings = {
				ALWAYS_SEARCH_USER_PATHS = NO;
				COPY_PHASE_STRIP = NO;
				GCC_DYNAMIC_NO_PIC = NO;
				GCC_OPTIMIZATION_LEVEL = 0;
				GCC_PRECOMPILE_PREFIX_HEADER = YES;
				GCC_PREFIX_HEADER = MapBoxiPadDemo_Prefix.pch;
				HEADER_SEARCH_PATHS = (
					/usr/include/libxml2,
					"Externals/route-me/MapView/**",
				);
				INFOPLIST_FILE = "MapBoxiPadDemo-Info.plist";
				LIBRARY_SEARCH_PATHS = "$(inherited)";
				"LIBRARY_SEARCH_PATHS[sdk=iphoneos*][arch=*]" = (
					"$(inherited)",
					"\"$(SRCROOT)/Externals/route-me/MapView/build/Debug-iphoneos\"",
				);
				"LIBRARY_SEARCH_PATHS[sdk=iphonesimulator*][arch=*]" = (
					"$(inherited)",
					"\"$(SRCROOT)/Externals/route-me/MapView/build/Debug-iphonesimulator\"",
				);
				OTHER_LDFLAGS = (
					"-lxml2",
					"-lMapView",
				);
				PRODUCT_NAME = MapBox;
			};
			name = Debug;
		};
		1D6058950D05DD3E006BFB54 /* Release */ = {
			isa = XCBuildConfiguration;
			buildSettings = {
				ALWAYS_SEARCH_USER_PATHS = NO;
				COPY_PHASE_STRIP = YES;
				GCC_PRECOMPILE_PREFIX_HEADER = YES;
				GCC_PREFIX_HEADER = MapBoxiPadDemo_Prefix.pch;
				HEADER_SEARCH_PATHS = (
					/usr/include/libxml2,
					"Externals/route-me/MapView/**",
				);
				INFOPLIST_FILE = "MapBoxiPadDemo-Info.plist";
				LIBRARY_SEARCH_PATHS = "$(inherited)";
				"LIBRARY_SEARCH_PATHS[sdk=iphoneos*][arch=*]" = (
					"$(inherited)",
					"\"$(SRCROOT)/Externals/route-me/MapView/build/Release-iphoneos\"",
				);
				"LIBRARY_SEARCH_PATHS[sdk=iphonesimulator*][arch=*]" = (
					"$(inherited)",
					"\"$(SRCROOT)/Externals/route-me/MapView/build/Release-iphonesimulator\"",
				);
				OTHER_LDFLAGS = (
					"-lxml2",
					"-lMapView",
				);
				PRODUCT_NAME = MapBox;
				VALIDATE_PRODUCT = YES;
			};
			name = Release;
		};
		C01FCF4F08A954540054247B /* Debug */ = {
			isa = XCBuildConfiguration;
			buildSettings = {
				ARCHS = "$(ARCHS_UNIVERSAL_IPHONE_OS)";
				"CODE_SIGN_IDENTITY[sdk=iphoneos*]" = "iPhone Developer";
				GCC_C_LANGUAGE_STANDARD = c99;
				GCC_WARN_ABOUT_RETURN_TYPE = YES;
				GCC_WARN_UNUSED_VARIABLE = YES;
				PREBINDING = NO;
				SDKROOT = iphoneos3.2;
				TARGETED_DEVICE_FAMILY = 2;
			};
			name = Debug;
		};
		C01FCF5008A954540054247B /* Release */ = {
			isa = XCBuildConfiguration;
			buildSettings = {
				ARCHS = "$(ARCHS_UNIVERSAL_IPHONE_OS)";
				"CODE_SIGN_IDENTITY[sdk=iphoneos*]" = "iPhone Developer";
				GCC_C_LANGUAGE_STANDARD = c99;
				GCC_WARN_ABOUT_RETURN_TYPE = YES;
				GCC_WARN_UNUSED_VARIABLE = YES;
				OTHER_CFLAGS = "-DNS_BLOCK_ASSERTIONS=1";
				PREBINDING = NO;
				SDKROOT = iphoneos3.2;
				TARGETED_DEVICE_FAMILY = 2;
			};
			name = Release;
		};
		DDDC785411FDF53200F1B557 /* Ad Hoc */ = {
			isa = XCBuildConfiguration;
			buildSettings = {
				ARCHS = "$(ARCHS_UNIVERSAL_IPHONE_OS)";
				"CODE_SIGN_IDENTITY[sdk=iphoneos*]" = "iPhone Developer";
				GCC_C_LANGUAGE_STANDARD = c99;
				GCC_WARN_ABOUT_RETURN_TYPE = YES;
				GCC_WARN_UNUSED_VARIABLE = YES;
				OTHER_CFLAGS = "-DNS_BLOCK_ASSERTIONS=1";
				PREBINDING = NO;
				SDKROOT = iphoneos3.2;
				TARGETED_DEVICE_FAMILY = 2;
			};
			name = "Ad Hoc";
		};
		DDDC785511FDF53200F1B557 /* Ad Hoc */ = {
			isa = XCBuildConfiguration;
			buildSettings = {
				ALWAYS_SEARCH_USER_PATHS = NO;
				"CODE_SIGN_IDENTITY[sdk=iphoneos*]" = "iPhone Distribution";
				COPY_PHASE_STRIP = YES;
				GCC_PRECOMPILE_PREFIX_HEADER = YES;
				GCC_PREFIX_HEADER = MapBoxiPadDemo_Prefix.pch;
				HEADER_SEARCH_PATHS = (
					/usr/include/libxml2,
					"Externals/route-me/MapView/**",
				);
				INFOPLIST_FILE = "MapBoxiPadDemo-Info.plist";
				LIBRARY_SEARCH_PATHS = "$(inherited)";
				"LIBRARY_SEARCH_PATHS[sdk=iphoneos*][arch=*]" = (
					"$(inherited)",
					"\"$(SRCROOT)/Externals/route-me/MapView/build/Release-iphoneos\"",
				);
				"LIBRARY_SEARCH_PATHS[sdk=iphonesimulator*][arch=*]" = (
					"$(inherited)",
					"\"$(SRCROOT)/Externals/route-me/MapView/build/Release-iphonesimulator\"",
				);
				OTHER_LDFLAGS = (
					"-lxml2",
					"-lMapView",
				);
				PRODUCT_NAME = MapBox;
				"PROVISIONING_PROFILE[sdk=iphoneos*]" = "";
				VALIDATE_PRODUCT = YES;
			};
			name = "Ad Hoc";
		};
/* End XCBuildConfiguration section */

/* Begin XCConfigurationList section */
		1D6058960D05DD3E006BFB54 /* Build configuration list for PBXNativeTarget "MapBoxiPadDemo" */ = {
			isa = XCConfigurationList;
			buildConfigurations = (
				1D6058940D05DD3E006BFB54 /* Debug */,
				1D6058950D05DD3E006BFB54 /* Release */,
				DDDC785511FDF53200F1B557 /* Ad Hoc */,
			);
			defaultConfigurationIsVisible = 0;
			defaultConfigurationName = Release;
		};
		C01FCF4E08A954540054247B /* Build configuration list for PBXProject "MapBoxiPadDemo" */ = {
			isa = XCConfigurationList;
			buildConfigurations = (
				C01FCF4F08A954540054247B /* Debug */,
				C01FCF5008A954540054247B /* Release */,
				DDDC785411FDF53200F1B557 /* Ad Hoc */,
			);
			defaultConfigurationIsVisible = 0;
			defaultConfigurationName = Release;
		};
/* End XCConfigurationList section */
	};
	rootObject = 29B97313FDCFA39411CA2CEA /* Project object */;
}
