// !$*UTF8*$!
{
	archiveVersion = 1;
	classes = {
	};
	objectVersion = 45;
	objects = {

/* Begin PBXBuildFile section */
		1D3623260D0F684500981E51 /* MapBoxiPadDemoAppDelegate.m in Sources */ = {isa = PBXBuildFile; fileRef = 1D3623250D0F684500981E51 /* MapBoxiPadDemoAppDelegate.m */; };
		1D60589B0D05DD56006BFB54 /* main.m in Sources */ = {isa = PBXBuildFile; fileRef = 29B97316FDCFA39411CA2CEA /* main.m */; };
		1D60589F0D05DD5A006BFB54 /* Foundation.framework in Frameworks */ = {isa = PBXBuildFile; fileRef = 1D30AB110D05D00D00671497 /* Foundation.framework */; };
		1DF5F4E00D08C38300B7A737 /* UIKit.framework in Frameworks */ = {isa = PBXBuildFile; fileRef = 1DF5F4DF0D08C38300B7A737 /* UIKit.framework */; };
		288765A50DF7441C002DB57D /* CoreGraphics.framework in Frameworks */ = {isa = PBXBuildFile; fileRef = 288765A40DF7441C002DB57D /* CoreGraphics.framework */; };
		2899E5220DE3E06400AC0155 /* MapBoxiPadDemoViewController.xib in Resources */ = {isa = PBXBuildFile; fileRef = 2899E5210DE3E06400AC0155 /* MapBoxiPadDemoViewController.xib */; };
		28AD733F0D9D9553002E5188 /* MainWindow.xib in Resources */ = {isa = PBXBuildFile; fileRef = 28AD733E0D9D9553002E5188 /* MainWindow.xib */; };
		28D7ACF80DDB3853001CB0EB /* MapBoxiPadDemoViewController.m in Sources */ = {isa = PBXBuildFile; fileRef = 28D7ACF70DDB3853001CB0EB /* MapBoxiPadDemoViewController.m */; };
		DD01047E11D0394800B0079E /* kml-point.png in Resources */ = {isa = PBXBuildFile; fileRef = DD01047D11D0394800B0079E /* kml-point.png */; };
		DD01060C11D04E2000B0079E /* stripe.png in Resources */ = {isa = PBXBuildFile; fileRef = DD01060B11D04E2000B0079E /* stripe.png */; };
		DD48AC4011D3D79A000AF79E /* page-flip-8.wav in Resources */ = {isa = PBXBuildFile; fileRef = DD48AC3F11D3D79A000AF79E /* page-flip-8.wav */; };
		DD48AC4411D3D807000AF79E /* AudioToolbox.framework in Frameworks */ = {isa = PBXBuildFile; fileRef = DD48AC4311D3D807000AF79E /* AudioToolbox.framework */; };
		DD48C2E811CBF3AB00038969 /* QuartzCore.framework in Frameworks */ = {isa = PBXBuildFile; fileRef = DD48C2E711CBF3AB00038969 /* QuartzCore.framework */; };
		DD48C2EC11CBF3BF00038969 /* libsqlite3.dylib in Frameworks */ = {isa = PBXBuildFile; fileRef = DD48C2EB11CBF3BF00038969 /* libsqlite3.dylib */; };
		DD48C3C211CBFA9700038969 /* routeme.plist in Resources */ = {isa = PBXBuildFile; fileRef = DD48C3C111CBFA9700038969 /* routeme.plist */; };
		DD48C3EE11CC026B00038969 /* DSMapBoxSQLiteTileSource.m in Sources */ = {isa = PBXBuildFile; fileRef = DD48C3ED11CC026B00038969 /* DSMapBoxSQLiteTileSource.m */; };
		DD48C5D911CC1F7300038969 /* libMapView.a in Frameworks */ = {isa = PBXBuildFile; fileRef = DD48C5D811CC1F7300038969 /* libMapView.a */; };
		DD48C84611CC423800038969 /* Wood_Plank_Look_Tile.JPG in Resources */ = {isa = PBXBuildFile; fileRef = DD48C84211CC423800038969 /* Wood_Plank_Look_Tile.JPG */; };
		DD48C84711CC423800038969 /* Wood-Pattern12.png in Resources */ = {isa = PBXBuildFile; fileRef = DD48C84311CC423800038969 /* Wood-Pattern12.png */; };
		DD48C84811CC423800038969 /* Wood-Texture.jpg in Resources */ = {isa = PBXBuildFile; fileRef = DD48C84411CC423800038969 /* Wood-Texture.jpg */; };
		DD48C84911CC423800038969 /* wood-walnut-background-tile.jpg in Resources */ = {isa = PBXBuildFile; fileRef = DD48C84511CC423800038969 /* wood-walnut-background-tile.jpg */; };
		DD48C86711CC43F100038969 /* 404803.jpg in Resources */ = {isa = PBXBuildFile; fileRef = DD48C86611CC43F100038969 /* 404803.jpg */; };
		DD6E3AA711D00379007691F3 /* FMResultSet.m in Sources */ = {isa = PBXBuildFile; fileRef = DD6E3AA111D00379007691F3 /* FMResultSet.m */; };
		DD6E3AA811D00379007691F3 /* FMDatabaseAdditions.m in Sources */ = {isa = PBXBuildFile; fileRef = DD6E3AA311D00379007691F3 /* FMDatabaseAdditions.m */; };
		DD6E3AA911D00379007691F3 /* FMDatabase.m in Sources */ = {isa = PBXBuildFile; fileRef = DD6E3AA511D00379007691F3 /* FMDatabase.m */; };
		DD6E3C8B11D02094007691F3 /* haiti_commune_term.kml in Resources */ = {isa = PBXBuildFile; fileRef = DD6E3C8A11D02094007691F3 /* haiti_commune_term.kml */; };
		DD6E3CAE11D02362007691F3 /* CTidy.m in Sources */ = {isa = PBXBuildFile; fileRef = DD6E3C9711D02362007691F3 /* CTidy.m */; };
		DD6E3CAF11D02362007691F3 /* CXMLDocument_CreationExtensions.m in Sources */ = {isa = PBXBuildFile; fileRef = DD6E3C9A11D02362007691F3 /* CXMLDocument_CreationExtensions.m */; };
		DD6E3CB011D02362007691F3 /* CXMLNode_CreationExtensions.m in Sources */ = {isa = PBXBuildFile; fileRef = DD6E3C9C11D02362007691F3 /* CXMLNode_CreationExtensions.m */; };
		DD6E3CB111D02362007691F3 /* CXMLNode.m in Sources */ = {isa = PBXBuildFile; fileRef = DD6E3C9E11D02362007691F3 /* CXMLNode.m */; };
		DD6E3CB211D02362007691F3 /* CXMLNode_XPathExtensions.m in Sources */ = {isa = PBXBuildFile; fileRef = DD6E3CA011D02362007691F3 /* CXMLNode_XPathExtensions.m */; };
		DD6E3CB311D02362007691F3 /* CXMLNode_PrivateExtensions.m in Sources */ = {isa = PBXBuildFile; fileRef = DD6E3CA211D02362007691F3 /* CXMLNode_PrivateExtensions.m */; };
		DD6E3CB411D02362007691F3 /* CXMLElement.m in Sources */ = {isa = PBXBuildFile; fileRef = DD6E3CA411D02362007691F3 /* CXMLElement.m */; };
		DD6E3CB511D02362007691F3 /* CXMLElement_ElementTreeExtensions.m in Sources */ = {isa = PBXBuildFile; fileRef = DD6E3CA611D02362007691F3 /* CXMLElement_ElementTreeExtensions.m */; };
		DD6E3CB611D02362007691F3 /* CXMLElement_CreationExtensions.m in Sources */ = {isa = PBXBuildFile; fileRef = DD6E3CA811D02362007691F3 /* CXMLElement_CreationExtensions.m */; };
		DD6E3CB711D02362007691F3 /* CXMLDocument.m in Sources */ = {isa = PBXBuildFile; fileRef = DD6E3CAA11D02362007691F3 /* CXMLDocument.m */; };
		DD6E3CB811D02362007691F3 /* CXMLDocument_PrivateExtensions.m in Sources */ = {isa = PBXBuildFile; fileRef = DD6E3CAC11D02362007691F3 /* CXMLDocument_PrivateExtensions.m */; };
		DD70D7C211D16AB50002E222 /* stick.png in Resources */ = {isa = PBXBuildFile; fileRef = DD70D7C111D16AB50002E222 /* stick.png */; };
		DD70D80C11D176750002E222 /* DSMapBoxTileSetManager.m in Sources */ = {isa = PBXBuildFile; fileRef = DD70D80B11D176750002E222 /* DSMapBoxTileSetManager.m */; };
		DD70D96711D18EDC0002E222 /* Haiti-Terrain_z5-16_v1.mbtiles in Resources */ = {isa = PBXBuildFile; fileRef = DD70D96611D18EDC0002E222 /* Haiti-Terrain_z5-16_v1.mbtiles */; };
		DD70D9AA11D1922C0002E222 /* DSMapBoxTileSetChooserController.m in Sources */ = {isa = PBXBuildFile; fileRef = DD70D9A811D1922C0002E222 /* DSMapBoxTileSetChooserController.m */; };
		DD70D9AB11D1922C0002E222 /* DSMapBoxTileSetChooserController.xib in Resources */ = {isa = PBXBuildFile; fileRef = DD70D9A911D1922C0002E222 /* DSMapBoxTileSetChooserController.xib */; };
		DDCEB38911D160280096B339 /* UIImage+DSExtensions.m in Sources */ = {isa = PBXBuildFile; fileRef = DDCEB38811D160280096B339 /* UIImage+DSExtensions.m */; };
/* End PBXBuildFile section */

/* Begin PBXContainerItemProxy section */
		DD48C2C511CBF2FF00038969 /* PBXContainerItemProxy */ = {
			isa = PBXContainerItemProxy;
			containerPortal = DD48C2BE11CBF2FF00038969 /* MapView.xcodeproj */;
			proxyType = 2;
			remoteGlobalIDString = B8C974590E8A19B2007D16AD;
			remoteInfo = MapView;
		};
		DD48C2C711CBF2FF00038969 /* PBXContainerItemProxy */ = {
			isa = PBXContainerItemProxy;
			containerPortal = DD48C2BE11CBF2FF00038969 /* MapView.xcodeproj */;
			proxyType = 2;
			remoteGlobalIDString = 2BF3078F0F8AC5C0007014EE;
			remoteInfo = "Unit Tests";
		};
		DD48C5BA11CC1E9F00038969 /* PBXContainerItemProxy */ = {
			isa = PBXContainerItemProxy;
			containerPortal = DD48C2BE11CBF2FF00038969 /* MapView.xcodeproj */;
			proxyType = 1;
			remoteGlobalIDString = B8C974130E8A19B2007D16AD;
			remoteInfo = MapView;
		};
/* End PBXContainerItemProxy section */

/* Begin PBXFileReference section */
		1D30AB110D05D00D00671497 /* Foundation.framework */ = {isa = PBXFileReference; lastKnownFileType = wrapper.framework; name = Foundation.framework; path = System/Library/Frameworks/Foundation.framework; sourceTree = SDKROOT; };
		1D3623240D0F684500981E51 /* MapBoxiPadDemoAppDelegate.h */ = {isa = PBXFileReference; fileEncoding = 4; lastKnownFileType = sourcecode.c.h; path = MapBoxiPadDemoAppDelegate.h; sourceTree = "<group>"; };
		1D3623250D0F684500981E51 /* MapBoxiPadDemoAppDelegate.m */ = {isa = PBXFileReference; fileEncoding = 4; lastKnownFileType = sourcecode.c.objc; path = MapBoxiPadDemoAppDelegate.m; sourceTree = "<group>"; };
		1D6058910D05DD3D006BFB54 /* MapPad.app */ = {isa = PBXFileReference; explicitFileType = wrapper.application; includeInIndex = 0; path = MapPad.app; sourceTree = BUILT_PRODUCTS_DIR; };
		1DF5F4DF0D08C38300B7A737 /* UIKit.framework */ = {isa = PBXFileReference; lastKnownFileType = wrapper.framework; name = UIKit.framework; path = System/Library/Frameworks/UIKit.framework; sourceTree = SDKROOT; };
		288765A40DF7441C002DB57D /* CoreGraphics.framework */ = {isa = PBXFileReference; lastKnownFileType = wrapper.framework; name = CoreGraphics.framework; path = System/Library/Frameworks/CoreGraphics.framework; sourceTree = SDKROOT; };
		2899E5210DE3E06400AC0155 /* MapBoxiPadDemoViewController.xib */ = {isa = PBXFileReference; lastKnownFileType = file.xib; name = MapBoxiPadDemoViewController.xib; path = ../MapBoxiPadDemoViewController.xib; sourceTree = "<group>"; };
		28AD733E0D9D9553002E5188 /* MainWindow.xib */ = {isa = PBXFileReference; lastKnownFileType = file.xib; path = MainWindow.xib; sourceTree = "<group>"; };
		28D7ACF60DDB3853001CB0EB /* MapBoxiPadDemoViewController.h */ = {isa = PBXFileReference; fileEncoding = 4; lastKnownFileType = sourcecode.c.h; path = MapBoxiPadDemoViewController.h; sourceTree = "<group>"; };
		28D7ACF70DDB3853001CB0EB /* MapBoxiPadDemoViewController.m */ = {isa = PBXFileReference; fileEncoding = 4; lastKnownFileType = sourcecode.c.objc; path = MapBoxiPadDemoViewController.m; sourceTree = "<group>"; };
		29B97316FDCFA39411CA2CEA /* main.m */ = {isa = PBXFileReference; fileEncoding = 4; lastKnownFileType = sourcecode.c.objc; path = main.m; sourceTree = "<group>"; };
		32CA4F630368D1EE00C91783 /* MapBoxiPadDemo_Prefix.pch */ = {isa = PBXFileReference; fileEncoding = 4; lastKnownFileType = sourcecode.c.h; path = MapBoxiPadDemo_Prefix.pch; sourceTree = "<group>"; };
		8D1107310486CEB800E47090 /* MapBoxiPadDemo-Info.plist */ = {isa = PBXFileReference; fileEncoding = 4; lastKnownFileType = text.plist.xml; path = "MapBoxiPadDemo-Info.plist"; plistStructureDefinitionIdentifier = "com.apple.xcode.plist.structure-definition.iphone.info-plist"; sourceTree = "<group>"; };
		DD01047D11D0394800B0079E /* kml-point.png */ = {isa = PBXFileReference; lastKnownFileType = image.png; path = "kml-point.png"; sourceTree = "<group>"; };
		DD01060B11D04E2000B0079E /* stripe.png */ = {isa = PBXFileReference; lastKnownFileType = image.png; path = stripe.png; sourceTree = "<group>"; };
		DD48AC3F11D3D79A000AF79E /* page-flip-8.wav */ = {isa = PBXFileReference; lastKnownFileType = audio.wav; path = "page-flip-8.wav"; sourceTree = "<group>"; };
		DD48AC4311D3D807000AF79E /* AudioToolbox.framework */ = {isa = PBXFileReference; lastKnownFileType = wrapper.framework; name = AudioToolbox.framework; path = System/Library/Frameworks/AudioToolbox.framework; sourceTree = SDKROOT; };
		DD48C2BE11CBF2FF00038969 /* MapView.xcodeproj */ = {isa = PBXFileReference; lastKnownFileType = "wrapper.pb-project"; name = MapView.xcodeproj; path = "route-me/MapView/MapView.xcodeproj"; sourceTree = SOURCE_ROOT; };
		DD48C2E711CBF3AB00038969 /* QuartzCore.framework */ = {isa = PBXFileReference; lastKnownFileType = wrapper.framework; name = QuartzCore.framework; path = /System/Library/Frameworks/QuartzCore.framework; sourceTree = "<absolute>"; };
		DD48C2EB11CBF3BF00038969 /* libsqlite3.dylib */ = {isa = PBXFileReference; lastKnownFileType = "compiled.mach-o.dylib"; name = libsqlite3.dylib; path = /usr/lib/libsqlite3.dylib; sourceTree = "<absolute>"; };
		DD48C3C111CBFA9700038969 /* routeme.plist */ = {isa = PBXFileReference; fileEncoding = 4; lastKnownFileType = text.plist.xml; path = routeme.plist; sourceTree = "<group>"; };
		DD48C3EC11CC026B00038969 /* DSMapBoxSQLiteTileSource.h */ = {isa = PBXFileReference; fileEncoding = 4; lastKnownFileType = sourcecode.c.h; path = DSMapBoxSQLiteTileSource.h; sourceTree = "<group>"; };
		DD48C3ED11CC026B00038969 /* DSMapBoxSQLiteTileSource.m */ = {isa = PBXFileReference; fileEncoding = 4; lastKnownFileType = sourcecode.c.objc; path = DSMapBoxSQLiteTileSource.m; sourceTree = "<group>"; };
		DD48C5D811CC1F7300038969 /* libMapView.a */ = {isa = PBXFileReference; lastKnownFileType = archive.ar; name = libMapView.a; path = "route-me/MapView/build/Debug-iphoneos/libMapView.a"; sourceTree = "<group>"; };
		DD48C84211CC423800038969 /* Wood_Plank_Look_Tile.JPG */ = {isa = PBXFileReference; lastKnownFileType = image.jpeg; path = Wood_Plank_Look_Tile.JPG; sourceTree = "<group>"; };
		DD48C84311CC423800038969 /* Wood-Pattern12.png */ = {isa = PBXFileReference; lastKnownFileType = image.png; path = "Wood-Pattern12.png"; sourceTree = "<group>"; };
		DD48C84411CC423800038969 /* Wood-Texture.jpg */ = {isa = PBXFileReference; lastKnownFileType = image.jpeg; path = "Wood-Texture.jpg"; sourceTree = "<group>"; };
		DD48C84511CC423800038969 /* wood-walnut-background-tile.jpg */ = {isa = PBXFileReference; lastKnownFileType = image.jpeg; path = "wood-walnut-background-tile.jpg"; sourceTree = "<group>"; };
		DD48C86611CC43F100038969 /* 404803.jpg */ = {isa = PBXFileReference; lastKnownFileType = image.jpeg; path = 404803.jpg; sourceTree = "<group>"; };
		DD6E3AA111D00379007691F3 /* FMResultSet.m */ = {isa = PBXFileReference; fileEncoding = 4; lastKnownFileType = sourcecode.c.objc; name = FMResultSet.m; path = fmdb/FMResultSet.m; sourceTree = "<group>"; };
		DD6E3AA211D00379007691F3 /* FMResultSet.h */ = {isa = PBXFileReference; fileEncoding = 4; lastKnownFileType = sourcecode.c.h; name = FMResultSet.h; path = fmdb/FMResultSet.h; sourceTree = "<group>"; };
		DD6E3AA311D00379007691F3 /* FMDatabaseAdditions.m */ = {isa = PBXFileReference; fileEncoding = 4; lastKnownFileType = sourcecode.c.objc; name = FMDatabaseAdditions.m; path = fmdb/FMDatabaseAdditions.m; sourceTree = "<group>"; };
		DD6E3AA411D00379007691F3 /* FMDatabaseAdditions.h */ = {isa = PBXFileReference; fileEncoding = 4; lastKnownFileType = sourcecode.c.h; name = FMDatabaseAdditions.h; path = fmdb/FMDatabaseAdditions.h; sourceTree = "<group>"; };
		DD6E3AA511D00379007691F3 /* FMDatabase.m */ = {isa = PBXFileReference; fileEncoding = 4; lastKnownFileType = sourcecode.c.objc; name = FMDatabase.m; path = fmdb/FMDatabase.m; sourceTree = "<group>"; };
		DD6E3AA611D00379007691F3 /* FMDatabase.h */ = {isa = PBXFileReference; fileEncoding = 4; lastKnownFileType = sourcecode.c.h; name = FMDatabase.h; path = fmdb/FMDatabase.h; sourceTree = "<group>"; };
		DD6E3C8A11D02094007691F3 /* haiti_commune_term.kml */ = {isa = PBXFileReference; fileEncoding = 4; lastKnownFileType = text.xml; path = haiti_commune_term.kml; sourceTree = "<group>"; };
		DD6E3C9611D02362007691F3 /* CTidy.h */ = {isa = PBXFileReference; fileEncoding = 4; lastKnownFileType = sourcecode.c.h; path = CTidy.h; sourceTree = "<group>"; };
		DD6E3C9711D02362007691F3 /* CTidy.m */ = {isa = PBXFileReference; fileEncoding = 4; lastKnownFileType = sourcecode.c.objc; path = CTidy.m; sourceTree = "<group>"; };
		DD6E3C9911D02362007691F3 /* CXMLDocument_CreationExtensions.h */ = {isa = PBXFileReference; fileEncoding = 4; lastKnownFileType = sourcecode.c.h; path = CXMLDocument_CreationExtensions.h; sourceTree = "<group>"; };
		DD6E3C9A11D02362007691F3 /* CXMLDocument_CreationExtensions.m */ = {isa = PBXFileReference; fileEncoding = 4; lastKnownFileType = sourcecode.c.objc; path = CXMLDocument_CreationExtensions.m; sourceTree = "<group>"; };
		DD6E3C9B11D02362007691F3 /* CXMLNode_CreationExtensions.h */ = {isa = PBXFileReference; fileEncoding = 4; lastKnownFileType = sourcecode.c.h; path = CXMLNode_CreationExtensions.h; sourceTree = "<group>"; };
		DD6E3C9C11D02362007691F3 /* CXMLNode_CreationExtensions.m */ = {isa = PBXFileReference; fileEncoding = 4; lastKnownFileType = sourcecode.c.objc; path = CXMLNode_CreationExtensions.m; sourceTree = "<group>"; };
		DD6E3C9D11D02362007691F3 /* TouchXML.h */ = {isa = PBXFileReference; fileEncoding = 4; lastKnownFileType = sourcecode.c.h; name = TouchXML.h; path = touchcode/TouchXML/Common/Source/TouchXML.h; sourceTree = "<group>"; };
		DD6E3C9E11D02362007691F3 /* CXMLNode.m */ = {isa = PBXFileReference; fileEncoding = 4; lastKnownFileType = sourcecode.c.objc; name = CXMLNode.m; path = touchcode/TouchXML/Common/Source/CXMLNode.m; sourceTree = "<group>"; };
		DD6E3C9F11D02362007691F3 /* CXMLNode.h */ = {isa = PBXFileReference; fileEncoding = 4; lastKnownFileType = sourcecode.c.h; name = CXMLNode.h; path = touchcode/TouchXML/Common/Source/CXMLNode.h; sourceTree = "<group>"; };
		DD6E3CA011D02362007691F3 /* CXMLNode_XPathExtensions.m */ = {isa = PBXFileReference; fileEncoding = 4; lastKnownFileType = sourcecode.c.objc; name = CXMLNode_XPathExtensions.m; path = touchcode/TouchXML/Common/Source/CXMLNode_XPathExtensions.m; sourceTree = "<group>"; };
		DD6E3CA111D02362007691F3 /* CXMLNode_XPathExtensions.h */ = {isa = PBXFileReference; fileEncoding = 4; lastKnownFileType = sourcecode.c.h; name = CXMLNode_XPathExtensions.h; path = touchcode/TouchXML/Common/Source/CXMLNode_XPathExtensions.h; sourceTree = "<group>"; };
		DD6E3CA211D02362007691F3 /* CXMLNode_PrivateExtensions.m */ = {isa = PBXFileReference; fileEncoding = 4; lastKnownFileType = sourcecode.c.objc; name = CXMLNode_PrivateExtensions.m; path = touchcode/TouchXML/Common/Source/CXMLNode_PrivateExtensions.m; sourceTree = "<group>"; };
		DD6E3CA311D02362007691F3 /* CXMLNode_PrivateExtensions.h */ = {isa = PBXFileReference; fileEncoding = 4; lastKnownFileType = sourcecode.c.h; name = CXMLNode_PrivateExtensions.h; path = touchcode/TouchXML/Common/Source/CXMLNode_PrivateExtensions.h; sourceTree = "<group>"; };
		DD6E3CA411D02362007691F3 /* CXMLElement.m */ = {isa = PBXFileReference; fileEncoding = 4; lastKnownFileType = sourcecode.c.objc; name = CXMLElement.m; path = touchcode/TouchXML/Common/Source/CXMLElement.m; sourceTree = "<group>"; };
		DD6E3CA511D02362007691F3 /* CXMLElement.h */ = {isa = PBXFileReference; fileEncoding = 4; lastKnownFileType = sourcecode.c.h; name = CXMLElement.h; path = touchcode/TouchXML/Common/Source/CXMLElement.h; sourceTree = "<group>"; };
		DD6E3CA611D02362007691F3 /* CXMLElement_ElementTreeExtensions.m */ = {isa = PBXFileReference; fileEncoding = 4; lastKnownFileType = sourcecode.c.objc; name = CXMLElement_ElementTreeExtensions.m; path = touchcode/TouchXML/Common/Source/CXMLElement_ElementTreeExtensions.m; sourceTree = "<group>"; };
		DD6E3CA711D02362007691F3 /* CXMLElement_ElementTreeExtensions.h */ = {isa = PBXFileReference; fileEncoding = 4; lastKnownFileType = sourcecode.c.h; name = CXMLElement_ElementTreeExtensions.h; path = touchcode/TouchXML/Common/Source/CXMLElement_ElementTreeExtensions.h; sourceTree = "<group>"; };
		DD6E3CA811D02362007691F3 /* CXMLElement_CreationExtensions.m */ = {isa = PBXFileReference; fileEncoding = 4; lastKnownFileType = sourcecode.c.objc; name = CXMLElement_CreationExtensions.m; path = touchcode/TouchXML/Common/Source/CXMLElement_CreationExtensions.m; sourceTree = "<group>"; };
		DD6E3CA911D02362007691F3 /* CXMLElement_CreationExtensions.h */ = {isa = PBXFileReference; fileEncoding = 4; lastKnownFileType = sourcecode.c.h; name = CXMLElement_CreationExtensions.h; path = touchcode/TouchXML/Common/Source/CXMLElement_CreationExtensions.h; sourceTree = "<group>"; };
		DD6E3CAA11D02362007691F3 /* CXMLDocument.m */ = {isa = PBXFileReference; fileEncoding = 4; lastKnownFileType = sourcecode.c.objc; name = CXMLDocument.m; path = touchcode/TouchXML/Common/Source/CXMLDocument.m; sourceTree = "<group>"; };
		DD6E3CAB11D02362007691F3 /* CXMLDocument.h */ = {isa = PBXFileReference; fileEncoding = 4; lastKnownFileType = sourcecode.c.h; name = CXMLDocument.h; path = touchcode/TouchXML/Common/Source/CXMLDocument.h; sourceTree = "<group>"; };
		DD6E3CAC11D02362007691F3 /* CXMLDocument_PrivateExtensions.m */ = {isa = PBXFileReference; fileEncoding = 4; lastKnownFileType = sourcecode.c.objc; name = CXMLDocument_PrivateExtensions.m; path = touchcode/TouchXML/Common/Source/CXMLDocument_PrivateExtensions.m; sourceTree = "<group>"; };
		DD6E3CAD11D02362007691F3 /* CXMLDocument_PrivateExtensions.h */ = {isa = PBXFileReference; fileEncoding = 4; lastKnownFileType = sourcecode.c.h; name = CXMLDocument_PrivateExtensions.h; path = touchcode/TouchXML/Common/Source/CXMLDocument_PrivateExtensions.h; sourceTree = "<group>"; };
		DD70D7C111D16AB50002E222 /* stick.png */ = {isa = PBXFileReference; lastKnownFileType = image.png; path = stick.png; sourceTree = "<group>"; };
		DD70D80A11D176750002E222 /* DSMapBoxTileSetManager.h */ = {isa = PBXFileReference; fileEncoding = 4; lastKnownFileType = sourcecode.c.h; path = DSMapBoxTileSetManager.h; sourceTree = "<group>"; };
		DD70D80B11D176750002E222 /* DSMapBoxTileSetManager.m */ = {isa = PBXFileReference; fileEncoding = 4; lastKnownFileType = sourcecode.c.objc; path = DSMapBoxTileSetManager.m; sourceTree = "<group>"; };
		DD70D96611D18EDC0002E222 /* Haiti-Terrain_z5-16_v1.mbtiles */ = {isa = PBXFileReference; lastKnownFileType = file; name = "Haiti-Terrain_z5-16_v1.mbtiles"; path = "../stuff to not backup/Haiti-Terrain_z5-16_v1.mbtiles"; sourceTree = SOURCE_ROOT; };
		DD70D9A711D1922C0002E222 /* DSMapBoxTileSetChooserController.h */ = {isa = PBXFileReference; fileEncoding = 4; lastKnownFileType = sourcecode.c.h; path = DSMapBoxTileSetChooserController.h; sourceTree = "<group>"; };
		DD70D9A811D1922C0002E222 /* DSMapBoxTileSetChooserController.m */ = {isa = PBXFileReference; fileEncoding = 4; lastKnownFileType = sourcecode.c.objc; path = DSMapBoxTileSetChooserController.m; sourceTree = "<group>"; };
		DD70D9A911D1922C0002E222 /* DSMapBoxTileSetChooserController.xib */ = {isa = PBXFileReference; lastKnownFileType = file.xib; path = DSMapBoxTileSetChooserController.xib; sourceTree = "<group>"; };
		DDCEB38711D160280096B339 /* UIImage+DSExtensions.h */ = {isa = PBXFileReference; fileEncoding = 4; lastKnownFileType = sourcecode.c.h; path = "UIImage+DSExtensions.h"; sourceTree = "<group>"; };
		DDCEB38811D160280096B339 /* UIImage+DSExtensions.m */ = {isa = PBXFileReference; fileEncoding = 4; lastKnownFileType = sourcecode.c.objc; path = "UIImage+DSExtensions.m"; sourceTree = "<group>"; };
/* End PBXFileReference section */

/* Begin PBXFrameworksBuildPhase section */
		1D60588F0D05DD3D006BFB54 /* Frameworks */ = {
			isa = PBXFrameworksBuildPhase;
			buildActionMask = 2147483647;
			files = (
				1D60589F0D05DD5A006BFB54 /* Foundation.framework in Frameworks */,
				1DF5F4E00D08C38300B7A737 /* UIKit.framework in Frameworks */,
				288765A50DF7441C002DB57D /* CoreGraphics.framework in Frameworks */,
				DD48C2E811CBF3AB00038969 /* QuartzCore.framework in Frameworks */,
				DD48C2EC11CBF3BF00038969 /* libsqlite3.dylib in Frameworks */,
				DD48C5D911CC1F7300038969 /* libMapView.a in Frameworks */,
				DD48AC4411D3D807000AF79E /* AudioToolbox.framework in Frameworks */,
			);
			runOnlyForDeploymentPostprocessing = 0;
		};
/* End PBXFrameworksBuildPhase section */

/* Begin PBXGroup section */
		080E96DDFE201D6D7F000001 /* Classes */ = {
			isa = PBXGroup;
			children = (
				1D3623240D0F684500981E51 /* MapBoxiPadDemoAppDelegate.h */,
				1D3623250D0F684500981E51 /* MapBoxiPadDemoAppDelegate.m */,
				28D7ACF60DDB3853001CB0EB /* MapBoxiPadDemoViewController.h */,
				28D7ACF70DDB3853001CB0EB /* MapBoxiPadDemoViewController.m */,
				2899E5210DE3E06400AC0155 /* MapBoxiPadDemoViewController.xib */,
			);
			path = Classes;
			sourceTree = "<group>";
		};
		19C28FACFE9D520D11CA2CBB /* Products */ = {
			isa = PBXGroup;
			children = (
				1D6058910D05DD3D006BFB54 /* MapPad.app */,
			);
			name = Products;
			sourceTree = "<group>";
		};
		29B97314FDCFA39411CA2CEA /* CustomTemplate */ = {
			isa = PBXGroup;
			children = (
				080E96DDFE201D6D7F000001 /* Classes */,
				DD48BEF311CAE76A00038969 /* Custom */,
				DD70D91B11D188AE0002E222 /* Categories */,
				DD48C45F11CC090400038969 /* Externals */,
				29B97315FDCFA39411CA2CEA /* Other Sources */,
				29B97317FDCFA39411CA2CEA /* Resources */,
				29B97323FDCFA39411CA2CEA /* Frameworks */,
				19C28FACFE9D520D11CA2CBB /* Products */,
			);
			name = CustomTemplate;
			sourceTree = "<group>";
		};
		29B97315FDCFA39411CA2CEA /* Other Sources */ = {
			isa = PBXGroup;
			children = (
				32CA4F630368D1EE00C91783 /* MapBoxiPadDemo_Prefix.pch */,
				29B97316FDCFA39411CA2CEA /* main.m */,
			);
			name = "Other Sources";
			sourceTree = "<group>";
		};
		29B97317FDCFA39411CA2CEA /* Resources */ = {
			isa = PBXGroup;
			children = (
				28AD733E0D9D9553002E5188 /* MainWindow.xib */,
				8D1107310486CEB800E47090 /* MapBoxiPadDemo-Info.plist */,
				DD48C3C111CBFA9700038969 /* routeme.plist */,
				DD70D91D11D188DA0002E222 /* Images */,
				DD6E3B6711D014A8007691F3 /* Textures */,
				DD70D91C11D188BB0002E222 /* Tile Sets */,
				DD6E3C8C11D02099007691F3 /* KML */,
				DD48AC4111D3D79B000AF79E /* Sounds */,
			);
			name = Resources;
			sourceTree = "<group>";
		};
		29B97323FDCFA39411CA2CEA /* Frameworks */ = {
			isa = PBXGroup;
			children = (
				1DF5F4DF0D08C38300B7A737 /* UIKit.framework */,
				1D30AB110D05D00D00671497 /* Foundation.framework */,
				288765A40DF7441C002DB57D /* CoreGraphics.framework */,
				DD48C2E711CBF3AB00038969 /* QuartzCore.framework */,
				DD48C2EB11CBF3BF00038969 /* libsqlite3.dylib */,
				DD48C5D811CC1F7300038969 /* libMapView.a */,
				DD48AC4311D3D807000AF79E /* AudioToolbox.framework */,
			);
			name = Frameworks;
			sourceTree = "<group>";
		};
		DD48AC4111D3D79B000AF79E /* Sounds */ = {
			isa = PBXGroup;
			children = (
				DD48AC3F11D3D79A000AF79E /* page-flip-8.wav */,
			);
			name = Sounds;
			sourceTree = "<group>";
		};
		DD48BEF311CAE76A00038969 /* Custom */ = {
			isa = PBXGroup;
			children = (
				DD48C3EC11CC026B00038969 /* DSMapBoxSQLiteTileSource.h */,
				DD48C3ED11CC026B00038969 /* DSMapBoxSQLiteTileSource.m */,
				DD70D80A11D176750002E222 /* DSMapBoxTileSetManager.h */,
				DD70D80B11D176750002E222 /* DSMapBoxTileSetManager.m */,
				DD70D9A711D1922C0002E222 /* DSMapBoxTileSetChooserController.h */,
				DD70D9A811D1922C0002E222 /* DSMapBoxTileSetChooserController.m */,
				DD70D9A911D1922C0002E222 /* DSMapBoxTileSetChooserController.xib */,
			);
			name = Custom;
			path = Classes;
			sourceTree = "<group>";
		};
		DD48C2BF11CBF2FF00038969 /* Products */ = {
			isa = PBXGroup;
			children = (
				DD48C2C611CBF2FF00038969 /* libMapView.a */,
				DD48C2C811CBF2FF00038969 /* RM Unit Tests.app */,
			);
			name = Products;
			sourceTree = "<group>";
		};
		DD48C2CB11CBF30600038969 /* route-me */ = {
			isa = PBXGroup;
			children = (
				DD48C2BE11CBF2FF00038969 /* MapView.xcodeproj */,
			);
			name = "route-me";
			path = Classes;
			sourceTree = "<group>";
		};
		DD48C45F11CC090400038969 /* Externals */ = {
			isa = PBXGroup;
			children = (
				DD48C2CB11CBF30600038969 /* route-me */,
				DD6E3AAA11D0037D007691F3 /* FMDB */,
				DD6E3C9411D02339007691F3 /* touchcode */,
			);
			name = Externals;
			sourceTree = "<group>";
		};
		DD6E3AAA11D0037D007691F3 /* FMDB */ = {
			isa = PBXGroup;
			children = (
				DD6E3AA611D00379007691F3 /* FMDatabase.h */,
				DD6E3AA511D00379007691F3 /* FMDatabase.m */,
				DD6E3AA411D00379007691F3 /* FMDatabaseAdditions.h */,
				DD6E3AA311D00379007691F3 /* FMDatabaseAdditions.m */,
				DD6E3AA211D00379007691F3 /* FMResultSet.h */,
				DD6E3AA111D00379007691F3 /* FMResultSet.m */,
			);
			name = FMDB;
			sourceTree = "<group>";
		};
		DD6E3B6711D014A8007691F3 /* Textures */ = {
			isa = PBXGroup;
			children = (
				DD48C84211CC423800038969 /* Wood_Plank_Look_Tile.JPG */,
				DD48C84311CC423800038969 /* Wood-Pattern12.png */,
				DD48C84411CC423800038969 /* Wood-Texture.jpg */,
				DD48C84511CC423800038969 /* wood-walnut-background-tile.jpg */,
				DD48C86611CC43F100038969 /* 404803.jpg */,
			);
			name = Textures;
			sourceTree = "<group>";
		};
		DD6E3C8C11D02099007691F3 /* KML */ = {
			isa = PBXGroup;
			children = (
				DD6E3C8A11D02094007691F3 /* haiti_commune_term.kml */,
			);
			name = KML;
			sourceTree = "<group>";
		};
		DD6E3C9411D02339007691F3 /* touchcode */ = {
			isa = PBXGroup;
			children = (
				DD6E3C9511D02362007691F3 /* Tidy */,
				DD6E3C9811D02362007691F3 /* Creation */,
				DD6E3C9D11D02362007691F3 /* TouchXML.h */,
				DD6E3C9E11D02362007691F3 /* CXMLNode.m */,
				DD6E3C9F11D02362007691F3 /* CXMLNode.h */,
				DD6E3CA011D02362007691F3 /* CXMLNode_XPathExtensions.m */,
				DD6E3CA111D02362007691F3 /* CXMLNode_XPathExtensions.h */,
				DD6E3CA211D02362007691F3 /* CXMLNode_PrivateExtensions.m */,
				DD6E3CA311D02362007691F3 /* CXMLNode_PrivateExtensions.h */,
				DD6E3CA411D02362007691F3 /* CXMLElement.m */,
				DD6E3CA511D02362007691F3 /* CXMLElement.h */,
				DD6E3CA611D02362007691F3 /* CXMLElement_ElementTreeExtensions.m */,
				DD6E3CA711D02362007691F3 /* CXMLElement_ElementTreeExtensions.h */,
				DD6E3CA811D02362007691F3 /* CXMLElement_CreationExtensions.m */,
				DD6E3CA911D02362007691F3 /* CXMLElement_CreationExtensions.h */,
				DD6E3CAA11D02362007691F3 /* CXMLDocument.m */,
				DD6E3CAB11D02362007691F3 /* CXMLDocument.h */,
				DD6E3CAC11D02362007691F3 /* CXMLDocument_PrivateExtensions.m */,
				DD6E3CAD11D02362007691F3 /* CXMLDocument_PrivateExtensions.h */,
			);
			name = touchcode;
			sourceTree = "<group>";
		};
		DD6E3C9511D02362007691F3 /* Tidy */ = {
			isa = PBXGroup;
			children = (
				DD6E3C9611D02362007691F3 /* CTidy.h */,
				DD6E3C9711D02362007691F3 /* CTidy.m */,
			);
			name = Tidy;
			path = touchcode/TouchXML/Common/Source/Tidy;
			sourceTree = "<group>";
		};
		DD6E3C9811D02362007691F3 /* Creation */ = {
			isa = PBXGroup;
			children = (
				DD6E3C9911D02362007691F3 /* CXMLDocument_CreationExtensions.h */,
				DD6E3C9A11D02362007691F3 /* CXMLDocument_CreationExtensions.m */,
				DD6E3C9B11D02362007691F3 /* CXMLNode_CreationExtensions.h */,
				DD6E3C9C11D02362007691F3 /* CXMLNode_CreationExtensions.m */,
			);
			name = Creation;
			path = touchcode/TouchXML/Common/Source/Creation;
			sourceTree = "<group>";
		};
		DD70D91B11D188AE0002E222 /* Categories */ = {
			isa = PBXGroup;
			children = (
				DDCEB38711D160280096B339 /* UIImage+DSExtensions.h */,
				DDCEB38811D160280096B339 /* UIImage+DSExtensions.m */,
			);
			name = Categories;
			path = Classes;
			sourceTree = "<group>";
		};
		DD70D91C11D188BB0002E222 /* Tile Sets */ = {
			isa = PBXGroup;
			children = (
				DD70D96611D18EDC0002E222 /* Haiti-Terrain_z5-16_v1.mbtiles */,
			);
			name = "Tile Sets";
			sourceTree = "<group>";
		};
		DD70D91D11D188DA0002E222 /* Images */ = {
			isa = PBXGroup;
			children = (
				DD01047D11D0394800B0079E /* kml-point.png */,
				DD01060B11D04E2000B0079E /* stripe.png */,
				DD70D7C111D16AB50002E222 /* stick.png */,
			);
			name = Images;
			sourceTree = "<group>";
		};
/* End PBXGroup section */

/* Begin PBXNativeTarget section */
		1D6058900D05DD3D006BFB54 /* MapBoxiPadDemo */ = {
			isa = PBXNativeTarget;
			buildConfigurationList = 1D6058960D05DD3E006BFB54 /* Build configuration list for PBXNativeTarget "MapBoxiPadDemo" */;
			buildPhases = (
				1D60588D0D05DD3D006BFB54 /* Resources */,
				1D60588E0D05DD3D006BFB54 /* Sources */,
				1D60588F0D05DD3D006BFB54 /* Frameworks */,
			);
			buildRules = (
			);
			dependencies = (
				DD48C5BB11CC1E9F00038969 /* PBXTargetDependency */,
			);
			name = MapBoxiPadDemo;
			productName = MapBoxiPadDemo;
			productReference = 1D6058910D05DD3D006BFB54 /* MapPad.app */;
			productType = "com.apple.product-type.application";
		};
/* End PBXNativeTarget section */

/* Begin PBXProject section */
		29B97313FDCFA39411CA2CEA /* Project object */ = {
			isa = PBXProject;
			buildConfigurationList = C01FCF4E08A954540054247B /* Build configuration list for PBXProject "MapBoxiPadDemo" */;
			compatibilityVersion = "Xcode 3.1";
			hasScannedForEncodings = 1;
			mainGroup = 29B97314FDCFA39411CA2CEA /* CustomTemplate */;
			projectDirPath = "";
			projectReferences = (
				{
					ProductGroup = DD48C2BF11CBF2FF00038969 /* Products */;
					ProjectRef = DD48C2BE11CBF2FF00038969 /* MapView.xcodeproj */;
				},
			);
			projectRoot = "";
			targets = (
				1D6058900D05DD3D006BFB54 /* MapBoxiPadDemo */,
			);
		};
/* End PBXProject section */

/* Begin PBXReferenceProxy section */
		DD48C2C611CBF2FF00038969 /* libMapView.a */ = {
			isa = PBXReferenceProxy;
			fileType = archive.ar;
			path = libMapView.a;
			remoteRef = DD48C2C511CBF2FF00038969 /* PBXContainerItemProxy */;
			sourceTree = BUILT_PRODUCTS_DIR;
		};
		DD48C2C811CBF2FF00038969 /* RM Unit Tests.app */ = {
			isa = PBXReferenceProxy;
			fileType = wrapper.application;
			path = "RM Unit Tests.app";
			remoteRef = DD48C2C711CBF2FF00038969 /* PBXContainerItemProxy */;
			sourceTree = BUILT_PRODUCTS_DIR;
		};
/* End PBXReferenceProxy section */

/* Begin PBXResourcesBuildPhase section */
		1D60588D0D05DD3D006BFB54 /* Resources */ = {
			isa = PBXResourcesBuildPhase;
			buildActionMask = 2147483647;
			files = (
				28AD733F0D9D9553002E5188 /* MainWindow.xib in Resources */,
				2899E5220DE3E06400AC0155 /* MapBoxiPadDemoViewController.xib in Resources */,
				DD48C3C211CBFA9700038969 /* routeme.plist in Resources */,
				DD48C84611CC423800038969 /* Wood_Plank_Look_Tile.JPG in Resources */,
				DD48C84711CC423800038969 /* Wood-Pattern12.png in Resources */,
				DD48C84811CC423800038969 /* Wood-Texture.jpg in Resources */,
				DD48C84911CC423800038969 /* wood-walnut-background-tile.jpg in Resources */,
				DD48C86711CC43F100038969 /* 404803.jpg in Resources */,
				DD6E3C8B11D02094007691F3 /* haiti_commune_term.kml in Resources */,
				DD01047E11D0394800B0079E /* kml-point.png in Resources */,
				DD01060C11D04E2000B0079E /* stripe.png in Resources */,
				DD70D7C211D16AB50002E222 /* stick.png in Resources */,
				DD70D96711D18EDC0002E222 /* Haiti-Terrain_z5-16_v1.mbtiles in Resources */,
				DD70D9AB11D1922C0002E222 /* DSMapBoxTileSetChooserController.xib in Resources */,
				DD48AC4011D3D79A000AF79E /* page-flip-8.wav in Resources */,
			);
			runOnlyForDeploymentPostprocessing = 0;
		};
/* End PBXResourcesBuildPhase section */

/* Begin PBXSourcesBuildPhase section */
		1D60588E0D05DD3D006BFB54 /* Sources */ = {
			isa = PBXSourcesBuildPhase;
			buildActionMask = 2147483647;
			files = (
				1D60589B0D05DD56006BFB54 /* main.m in Sources */,
				1D3623260D0F684500981E51 /* MapBoxiPadDemoAppDelegate.m in Sources */,
				28D7ACF80DDB3853001CB0EB /* MapBoxiPadDemoViewController.m in Sources */,
				DD48C3EE11CC026B00038969 /* DSMapBoxSQLiteTileSource.m in Sources */,
				DD6E3AA711D00379007691F3 /* FMResultSet.m in Sources */,
				DD6E3AA811D00379007691F3 /* FMDatabaseAdditions.m in Sources */,
				DD6E3AA911D00379007691F3 /* FMDatabase.m in Sources */,
				DD6E3CAE11D02362007691F3 /* CTidy.m in Sources */,
				DD6E3CAF11D02362007691F3 /* CXMLDocument_CreationExtensions.m in Sources */,
				DD6E3CB011D02362007691F3 /* CXMLNode_CreationExtensions.m in Sources */,
				DD6E3CB111D02362007691F3 /* CXMLNode.m in Sources */,
				DD6E3CB211D02362007691F3 /* CXMLNode_XPathExtensions.m in Sources */,
				DD6E3CB311D02362007691F3 /* CXMLNode_PrivateExtensions.m in Sources */,
				DD6E3CB411D02362007691F3 /* CXMLElement.m in Sources */,
				DD6E3CB511D02362007691F3 /* CXMLElement_ElementTreeExtensions.m in Sources */,
				DD6E3CB611D02362007691F3 /* CXMLElement_CreationExtensions.m in Sources */,
				DD6E3CB711D02362007691F3 /* CXMLDocument.m in Sources */,
				DD6E3CB811D02362007691F3 /* CXMLDocument_PrivateExtensions.m in Sources */,
				DDCEB38911D160280096B339 /* UIImage+DSExtensions.m in Sources */,
				DD70D80C11D176750002E222 /* DSMapBoxTileSetManager.m in Sources */,
				DD70D9AA11D1922C0002E222 /* DSMapBoxTileSetChooserController.m in Sources */,
			);
			runOnlyForDeploymentPostprocessing = 0;
		};
/* End PBXSourcesBuildPhase section */

/* Begin PBXTargetDependency section */
		DD48C5BB11CC1E9F00038969 /* PBXTargetDependency */ = {
			isa = PBXTargetDependency;
			name = MapView;
			targetProxy = DD48C5BA11CC1E9F00038969 /* PBXContainerItemProxy */;
		};
/* End PBXTargetDependency section */

/* Begin XCBuildConfiguration section */
		1D6058940D05DD3E006BFB54 /* Debug */ = {
			isa = XCBuildConfiguration;
			buildSettings = {
				ALWAYS_SEARCH_USER_PATHS = NO;
				COPY_PHASE_STRIP = NO;
				GCC_DYNAMIC_NO_PIC = NO;
				GCC_OPTIMIZATION_LEVEL = 0;
				GCC_PRECOMPILE_PREFIX_HEADER = YES;
				GCC_PREFIX_HEADER = MapBoxiPadDemo_Prefix.pch;
				HEADER_SEARCH_PATHS = (
					/usr/include/libxml2,
					"route-me/MapView/**",
				);
				INFOPLIST_FILE = "MapBoxiPadDemo-Info.plist";
				LIBRARY_SEARCH_PATHS = (
					"$(inherited)",
					"\"$(SRCROOT)/route-me/MapView/build/Debug-iphonesimulator\"",
					"\"$(SRCROOT)/route-me/MapView/build/Debug-iphoneos\"",
				);
				"LIBRARY_SEARCH_PATHS[sdk=iphoneos*][arch=*]" = (
					"$(inherited)",
					"\"$(SRCROOT)/route-me/MapView/build/Debug-iphoneos\"",
				);
				"LIBRARY_SEARCH_PATHS[sdk=iphonesimulator*][arch=*]" = (
					"$(inherited)",
					"\"$(SRCROOT)/route-me/MapView/build/Debug-iphonesimulator\"",
				);
				OTHER_LDFLAGS = "-lxml2";
				PRODUCT_NAME = MapPad;
			};
			name = Debug;
		};
		1D6058950D05DD3E006BFB54 /* Release */ = {
			isa = XCBuildConfiguration;
			buildSettings = {
				ALWAYS_SEARCH_USER_PATHS = NO;
				COPY_PHASE_STRIP = YES;
				GCC_PRECOMPILE_PREFIX_HEADER = YES;
				GCC_PREFIX_HEADER = MapBoxiPadDemo_Prefix.pch;
				HEADER_SEARCH_PATHS = (
					/usr/include/libxml2,
					"route-me/MapView/**",
				);
				INFOPLIST_FILE = "MapBoxiPadDemo-Info.plist";
				LIBRARY_SEARCH_PATHS = (
					"$(inherited)",
					"\"$(SRCROOT)/route-me/MapView/build/Debug-iphonesimulator\"",
					"\"$(SRCROOT)/route-me/MapView/build/Debug-iphoneos\"",
				);
				"LIBRARY_SEARCH_PATHS[sdk=iphoneos*][arch=*]" = (
					"$(inherited)",
					"\"$(SRCROOT)/route-me/MapView/build/Debug-iphoneos\"",
				);
				"LIBRARY_SEARCH_PATHS[sdk=iphonesimulator*][arch=*]" = (
					"$(inherited)",
					"\"$(SRCROOT)/route-me/MapView/build/Debug-iphonesimulator\"",
				);
				OTHER_LDFLAGS = "-lxml2";
				PRODUCT_NAME = MapPad;
				VALIDATE_PRODUCT = YES;
			};
			name = Release;
		};
		C01FCF4F08A954540054247B /* Debug */ = {
			isa = XCBuildConfiguration;
			buildSettings = {
				ARCHS = "$(ARCHS_UNIVERSAL_IPHONE_OS)";
				"CODE_SIGN_IDENTITY[sdk=iphoneos*]" = "iPhone Developer";
				GCC_C_LANGUAGE_STANDARD = c99;
				GCC_WARN_ABOUT_RETURN_TYPE = YES;
				GCC_WARN_UNUSED_VARIABLE = YES;
				PREBINDING = NO;
				SDKROOT = iphoneos3.2;
				TARGETED_DEVICE_FAMILY = 2;
			};
			name = Debug;
		};
		C01FCF5008A954540054247B /* Release */ = {
			isa = XCBuildConfiguration;
			buildSettings = {
				ARCHS = "$(ARCHS_UNIVERSAL_IPHONE_OS)";
				"CODE_SIGN_IDENTITY[sdk=iphoneos*]" = "iPhone Developer";
				GCC_C_LANGUAGE_STANDARD = c99;
				GCC_WARN_ABOUT_RETURN_TYPE = YES;
				GCC_WARN_UNUSED_VARIABLE = YES;
				OTHER_CFLAGS = "-DNS_BLOCK_ASSERTIONS=1";
				PREBINDING = NO;
				SDKROOT = iphoneos3.2;
				TARGETED_DEVICE_FAMILY = 2;
			};
			name = Release;
		};
/* End XCBuildConfiguration section */

/* Begin XCConfigurationList section */
		1D6058960D05DD3E006BFB54 /* Build configuration list for PBXNativeTarget "MapBoxiPadDemo" */ = {
			isa = XCConfigurationList;
			buildConfigurations = (
				1D6058940D05DD3E006BFB54 /* Debug */,
				1D6058950D05DD3E006BFB54 /* Release */,
			);
			defaultConfigurationIsVisible = 0;
			defaultConfigurationName = Release;
		};
		C01FCF4E08A954540054247B /* Build configuration list for PBXProject "MapBoxiPadDemo" */ = {
			isa = XCConfigurationList;
			buildConfigurations = (
				C01FCF4F08A954540054247B /* Debug */,
				C01FCF5008A954540054247B /* Release */,
			);
			defaultConfigurationIsVisible = 0;
			defaultConfigurationName = Release;
		};
/* End XCConfigurationList section */
	};
	rootObject = 29B97313FDCFA39411CA2CEA /* Project object */;
}
